// !$*UTF8*$!
{
	archiveVersion = 1;
	classes = {
	};
	objectVersion = 48;
	objects = {

/* Begin PBXBuildFile section */
		033EF1B71F82E49A003808AF /* Motivetica.xcdatamodeld in Sources */ = {isa = PBXBuildFile; fileRef = 033EF1B41F82E2F9003808AF /* Motivetica.xcdatamodeld */; };
		033EF1CC1F82E982003808AF /* Quote+CoreDataClass.swift in Sources */ = {isa = PBXBuildFile; fileRef = 033EF1C81F82E982003808AF /* Quote+CoreDataClass.swift */; };
		033EF1CD1F82E982003808AF /* Quote+CoreDataProperties.swift in Sources */ = {isa = PBXBuildFile; fileRef = 033EF1C91F82E982003808AF /* Quote+CoreDataProperties.swift */; };
		033EF1CE1F82E982003808AF /* Author+CoreDataClass.swift in Sources */ = {isa = PBXBuildFile; fileRef = 033EF1CA1F82E982003808AF /* Author+CoreDataClass.swift */; };
		033EF1CF1F82E982003808AF /* Author+CoreDataProperties.swift in Sources */ = {isa = PBXBuildFile; fileRef = 033EF1CB1F82E982003808AF /* Author+CoreDataProperties.swift */; };
		4EB54B3AAED4A3AB68E78ABE /* Pods_Motivetica.framework in Frameworks */ = {isa = PBXBuildFile; fileRef = 44EA85AAF70C6D224CECAD61 /* Pods_Motivetica.framework */; };
		CE4678001F7C334100DB9361 /* MotiveticaTests.swift in Sources */ = {isa = PBXBuildFile; fileRef = CE4677FF1F7C334100DB9361 /* MotiveticaTests.swift */; };
		CE46780E1F7C334E00DB9361 /* MotiveticaUITests.swift in Sources */ = {isa = PBXBuildFile; fileRef = CE46780D1F7C334E00DB9361 /* MotiveticaUITests.swift */; };
		CEB9938A1F73203C00083A2F /* AppDelegate.swift in Sources */ = {isa = PBXBuildFile; fileRef = CEB993891F73203C00083A2F /* AppDelegate.swift */; };
		CEB9938C1F73203C00083A2F /* ViewController.swift in Sources */ = {isa = PBXBuildFile; fileRef = CEB9938B1F73203C00083A2F /* ViewController.swift */; };
		CEB9938F1F73203C00083A2F /* Main.storyboard in Resources */ = {isa = PBXBuildFile; fileRef = CEB9938D1F73203C00083A2F /* Main.storyboard */; };
		CEB993911F73203C00083A2F /* Assets.xcassets in Resources */ = {isa = PBXBuildFile; fileRef = CEB993901F73203C00083A2F /* Assets.xcassets */; };
		CEB993941F73203C00083A2F /* LaunchScreen.storyboard in Resources */ = {isa = PBXBuildFile; fileRef = CEB993921F73203C00083A2F /* LaunchScreen.storyboard */; };
/* End PBXBuildFile section */

/* Begin PBXContainerItemProxy section */
		CE4678021F7C334100DB9361 /* PBXContainerItemProxy */ = {
			isa = PBXContainerItemProxy;
			containerPortal = CEB9937E1F73203C00083A2F /* Project object */;
			proxyType = 1;
			remoteGlobalIDString = CEB993851F73203C00083A2F;
			remoteInfo = Motivetica;
		};
		CE4678101F7C334E00DB9361 /* PBXContainerItemProxy */ = {
			isa = PBXContainerItemProxy;
			containerPortal = CEB9937E1F73203C00083A2F /* Project object */;
			proxyType = 1;
			remoteGlobalIDString = CEB993851F73203C00083A2F;
			remoteInfo = Motivetica;
		};
/* End PBXContainerItemProxy section */

/* Begin PBXFileReference section */
		033EF1B51F82E2F9003808AF /* Motivetica.xcdatamodel */ = {isa = PBXFileReference; lastKnownFileType = wrapper.xcdatamodel; path = Motivetica.xcdatamodel; sourceTree = "<group>"; };
		033EF1C81F82E982003808AF /* Quote+CoreDataClass.swift */ = {isa = PBXFileReference; lastKnownFileType = sourcecode.swift; path = "Quote+CoreDataClass.swift"; sourceTree = "<group>"; };
		033EF1C91F82E982003808AF /* Quote+CoreDataProperties.swift */ = {isa = PBXFileReference; lastKnownFileType = sourcecode.swift; path = "Quote+CoreDataProperties.swift"; sourceTree = "<group>"; };
		033EF1CA1F82E982003808AF /* Author+CoreDataClass.swift */ = {isa = PBXFileReference; lastKnownFileType = sourcecode.swift; path = "Author+CoreDataClass.swift"; sourceTree = "<group>"; };
		033EF1CB1F82E982003808AF /* Author+CoreDataProperties.swift */ = {isa = PBXFileReference; lastKnownFileType = sourcecode.swift; path = "Author+CoreDataProperties.swift"; sourceTree = "<group>"; };
		44EA85AAF70C6D224CECAD61 /* Pods_Motivetica.framework */ = {isa = PBXFileReference; explicitFileType = wrapper.framework; includeInIndex = 0; path = Pods_Motivetica.framework; sourceTree = BUILT_PRODUCTS_DIR; };
		5B662B04524C9793BDBF5416 /* Pods-Motivetica.release.xcconfig */ = {isa = PBXFileReference; includeInIndex = 1; lastKnownFileType = text.xcconfig; name = "Pods-Motivetica.release.xcconfig"; path = "Pods/Target Support Files/Pods-Motivetica/Pods-Motivetica.release.xcconfig"; sourceTree = "<group>"; };
		CE4677FD1F7C334100DB9361 /* MotiveticaTests.xctest */ = {isa = PBXFileReference; explicitFileType = wrapper.cfbundle; includeInIndex = 0; path = MotiveticaTests.xctest; sourceTree = BUILT_PRODUCTS_DIR; };
		CE4677FF1F7C334100DB9361 /* MotiveticaTests.swift */ = {isa = PBXFileReference; lastKnownFileType = sourcecode.swift; path = MotiveticaTests.swift; sourceTree = "<group>"; };
		CE4678011F7C334100DB9361 /* Info.plist */ = {isa = PBXFileReference; lastKnownFileType = text.plist.xml; path = Info.plist; sourceTree = "<group>"; };
		CE46780B1F7C334E00DB9361 /* MotiveticaUITests.xctest */ = {isa = PBXFileReference; explicitFileType = wrapper.cfbundle; includeInIndex = 0; path = MotiveticaUITests.xctest; sourceTree = BUILT_PRODUCTS_DIR; };
		CE46780D1F7C334E00DB9361 /* MotiveticaUITests.swift */ = {isa = PBXFileReference; lastKnownFileType = sourcecode.swift; path = MotiveticaUITests.swift; sourceTree = "<group>"; };
		CE46780F1F7C334E00DB9361 /* Info.plist */ = {isa = PBXFileReference; lastKnownFileType = text.plist.xml; path = Info.plist; sourceTree = "<group>"; };
		CEB993861F73203C00083A2F /* Motivetica.app */ = {isa = PBXFileReference; explicitFileType = wrapper.application; includeInIndex = 0; path = Motivetica.app; sourceTree = BUILT_PRODUCTS_DIR; };
		CEB993891F73203C00083A2F /* AppDelegate.swift */ = {isa = PBXFileReference; lastKnownFileType = sourcecode.swift; path = AppDelegate.swift; sourceTree = "<group>"; };
		CEB9938B1F73203C00083A2F /* ViewController.swift */ = {isa = PBXFileReference; lastKnownFileType = sourcecode.swift; path = ViewController.swift; sourceTree = "<group>"; };
		CEB9938E1F73203C00083A2F /* Base */ = {isa = PBXFileReference; lastKnownFileType = file.storyboard; name = Base; path = Base.lproj/Main.storyboard; sourceTree = "<group>"; };
		CEB993901F73203C00083A2F /* Assets.xcassets */ = {isa = PBXFileReference; lastKnownFileType = folder.assetcatalog; path = Assets.xcassets; sourceTree = "<group>"; };
		CEB993931F73203C00083A2F /* Base */ = {isa = PBXFileReference; lastKnownFileType = file.storyboard; name = Base; path = Base.lproj/LaunchScreen.storyboard; sourceTree = "<group>"; };
		CEB993951F73203C00083A2F /* Info.plist */ = {isa = PBXFileReference; lastKnownFileType = text.plist.xml; path = Info.plist; sourceTree = "<group>"; };
		E8FB72C494CDFA577563501D /* Pods-Motivetica.debug.xcconfig */ = {isa = PBXFileReference; includeInIndex = 1; lastKnownFileType = text.xcconfig; name = "Pods-Motivetica.debug.xcconfig"; path = "Pods/Target Support Files/Pods-Motivetica/Pods-Motivetica.debug.xcconfig"; sourceTree = "<group>"; };
/* End PBXFileReference section */

/* Begin PBXFrameworksBuildPhase section */
		CE4677FA1F7C334100DB9361 /* Frameworks */ = {
			isa = PBXFrameworksBuildPhase;
			buildActionMask = 2147483647;
			files = (
			);
			runOnlyForDeploymentPostprocessing = 0;
		};
		CE4678081F7C334E00DB9361 /* Frameworks */ = {
			isa = PBXFrameworksBuildPhase;
			buildActionMask = 2147483647;
			files = (
			);
			runOnlyForDeploymentPostprocessing = 0;
		};
		CEB993831F73203C00083A2F /* Frameworks */ = {
			isa = PBXFrameworksBuildPhase;
			buildActionMask = 2147483647;
			files = (
				4EB54B3AAED4A3AB68E78ABE /* Pods_Motivetica.framework in Frameworks */,
			);
			runOnlyForDeploymentPostprocessing = 0;
		};
/* End PBXFrameworksBuildPhase section */

/* Begin PBXGroup section */
		033EF1D01F82EA00003808AF /* QuotesList */ = {
			isa = PBXGroup;
			children = (
				033EF1D41F82EA3C003808AF /* Models */,
			);
			path = QuotesList;
			sourceTree = "<group>";
		};
		033EF1D11F82EA0F003808AF /* About */ = {
			isa = PBXGroup;
			children = (
			);
			path = About;
			sourceTree = "<group>";
		};
		033EF1D21F82EA16003808AF /* UserQuote */ = {
			isa = PBXGroup;
			children = (
			);
			path = UserQuote;
			sourceTree = "<group>";
		};
		033EF1D31F82EA31003808AF /* Home */ = {
			isa = PBXGroup;
			children = (
			);
			path = Home;
			sourceTree = "<group>";
		};
		033EF1D41F82EA3C003808AF /* Models */ = {
			isa = PBXGroup;
			children = (
				033EF1B41F82E2F9003808AF /* Motivetica.xcdatamodeld */,
				033EF1C81F82E982003808AF /* Quote+CoreDataClass.swift */,
				033EF1C91F82E982003808AF /* Quote+CoreDataProperties.swift */,
				033EF1CA1F82E982003808AF /* Author+CoreDataClass.swift */,
				033EF1CB1F82E982003808AF /* Author+CoreDataProperties.swift */,
			);
			path = Models;
			sourceTree = "<group>";
		};
		033EF1D51F82EAB4003808AF /* LaunchScreen */ = {
			isa = PBXGroup;
			children = (
				CEB993921F73203C00083A2F /* LaunchScreen.storyboard */,
			);
			path = LaunchScreen;
			sourceTree = "<group>";
		};
		1C1BDBC9C93DDCC8B96C1457 /* Pods */ = {
			isa = PBXGroup;
			children = (
				E8FB72C494CDFA577563501D /* Pods-Motivetica.debug.xcconfig */,
				5B662B04524C9793BDBF5416 /* Pods-Motivetica.release.xcconfig */,
			);
			name = Pods;
			sourceTree = "<group>";
		};
		C70D5F3F4E038C7F9CD35AF4 /* Frameworks */ = {
			isa = PBXGroup;
			children = (
				44EA85AAF70C6D224CECAD61 /* Pods_Motivetica.framework */,
			);
			name = Frameworks;
			sourceTree = "<group>";
		};
		CE4677FE1F7C334100DB9361 /* MotiveticaTests */ = {
			isa = PBXGroup;
			children = (
				CE4677FF1F7C334100DB9361 /* MotiveticaTests.swift */,
				CE4678011F7C334100DB9361 /* Info.plist */,
			);
			path = MotiveticaTests;
			sourceTree = "<group>";
		};
		CE46780C1F7C334E00DB9361 /* MotiveticaUITests */ = {
			isa = PBXGroup;
			children = (
				CE46780D1F7C334E00DB9361 /* MotiveticaUITests.swift */,
				CE46780F1F7C334E00DB9361 /* Info.plist */,
			);
			path = MotiveticaUITests;
			sourceTree = "<group>";
		};
		CEB9937D1F73203C00083A2F = {
			isa = PBXGroup;
			children = (
				CEB993881F73203C00083A2F /* Motivetica */,
				CE4677FE1F7C334100DB9361 /* MotiveticaTests */,
				CE46780C1F7C334E00DB9361 /* MotiveticaUITests */,
				CEB993871F73203C00083A2F /* Products */,
				1C1BDBC9C93DDCC8B96C1457 /* Pods */,
				C70D5F3F4E038C7F9CD35AF4 /* Frameworks */,
			);
			sourceTree = "<group>";
		};
		CEB993871F73203C00083A2F /* Products */ = {
			isa = PBXGroup;
			children = (
				CEB993861F73203C00083A2F /* Motivetica.app */,
				CE4677FD1F7C334100DB9361 /* MotiveticaTests.xctest */,
				CE46780B1F7C334E00DB9361 /* MotiveticaUITests.xctest */,
			);
			name = Products;
			sourceTree = "<group>";
		};
		CEB993881F73203C00083A2F /* Motivetica */ = {
			isa = PBXGroup;
			children = (
				033EF1D51F82EAB4003808AF /* LaunchScreen */,
				CEB993951F73203C00083A2F /* Info.plist */,
				CEB993891F73203C00083A2F /* AppDelegate.swift */,
				CEB9938B1F73203C00083A2F /* ViewController.swift */,
				CEB993901F73203C00083A2F /* Assets.xcassets */,
				033EF1D11F82EA0F003808AF /* About */,
				033EF1D31F82EA31003808AF /* Home */,
				CEB9938D1F73203C00083A2F /* Main.storyboard */,
				033EF1D01F82EA00003808AF /* QuotesList */,
				033EF1D21F82EA16003808AF /* UserQuote */,
			);
			path = Motivetica;
			sourceTree = "<group>";
		};
/* End PBXGroup section */

/* Begin PBXNativeTarget section */
		CE4677FC1F7C334100DB9361 /* MotiveticaTests */ = {
			isa = PBXNativeTarget;
			buildConfigurationList = CE4678061F7C334100DB9361 /* Build configuration list for PBXNativeTarget "MotiveticaTests" */;
			buildPhases = (
				CE4677F91F7C334100DB9361 /* Sources */,
				CE4677FA1F7C334100DB9361 /* Frameworks */,
				CE4677FB1F7C334100DB9361 /* Resources */,
			);
			buildRules = (
			);
			dependencies = (
				CE4678031F7C334100DB9361 /* PBXTargetDependency */,
			);
			name = MotiveticaTests;
			productName = MotiveticaTests;
			productReference = CE4677FD1F7C334100DB9361 /* MotiveticaTests.xctest */;
			productType = "com.apple.product-type.bundle.unit-test";
		};
		CE46780A1F7C334E00DB9361 /* MotiveticaUITests */ = {
			isa = PBXNativeTarget;
			buildConfigurationList = CE4678121F7C334E00DB9361 /* Build configuration list for PBXNativeTarget "MotiveticaUITests" */;
			buildPhases = (
				CE4678071F7C334E00DB9361 /* Sources */,
				CE4678081F7C334E00DB9361 /* Frameworks */,
				CE4678091F7C334E00DB9361 /* Resources */,
			);
			buildRules = (
			);
			dependencies = (
				CE4678111F7C334E00DB9361 /* PBXTargetDependency */,
			);
			name = MotiveticaUITests;
			productName = MotiveticaUITests;
			productReference = CE46780B1F7C334E00DB9361 /* MotiveticaUITests.xctest */;
			productType = "com.apple.product-type.bundle.ui-testing";
		};
		CEB993851F73203C00083A2F /* Motivetica */ = {
			isa = PBXNativeTarget;
			buildConfigurationList = CEB993981F73203C00083A2F /* Build configuration list for PBXNativeTarget "Motivetica" */;
			buildPhases = (
				F3D47237274BB51A6789B17A /* [CP] Check Pods Manifest.lock */,
				CEB993821F73203C00083A2F /* Sources */,
				CEB993831F73203C00083A2F /* Frameworks */,
				CEB993841F73203C00083A2F /* Resources */,
				5320BE200EA255ABD65FA8F7 /* [CP] Embed Pods Frameworks */,
				6C401368C26C2619AD13CDE9 /* [CP] Copy Pods Resources */,
			);
			buildRules = (
			);
			dependencies = (
			);
			name = Motivetica;
			productName = Motivetica;
			productReference = CEB993861F73203C00083A2F /* Motivetica.app */;
			productType = "com.apple.product-type.application";
		};
/* End PBXNativeTarget section */

/* Begin PBXProject section */
		CEB9937E1F73203C00083A2F /* Project object */ = {
			isa = PBXProject;
			attributes = {
				LastSwiftUpdateCheck = 0900;
				LastUpgradeCheck = 0900;
				ORGANIZATIONNAME = "Sasha Prokhorenko";
				TargetAttributes = {
					CE4677FC1F7C334100DB9361 = {
						CreatedOnToolsVersion = 9.0;
						ProvisioningStyle = Automatic;
						TestTargetID = CEB993851F73203C00083A2F;
					};
					CE46780A1F7C334E00DB9361 = {
						CreatedOnToolsVersion = 9.0;
						ProvisioningStyle = Automatic;
						TestTargetID = CEB993851F73203C00083A2F;
					};
					CEB993851F73203C00083A2F = {
						CreatedOnToolsVersion = 9.0;
						ProvisioningStyle = Automatic;
					};
				};
			};
			buildConfigurationList = CEB993811F73203C00083A2F /* Build configuration list for PBXProject "Motivetica" */;
			compatibilityVersion = "Xcode 8.0";
			developmentRegion = en;
			hasScannedForEncodings = 0;
			knownRegions = (
				en,
				Base,
			);
			mainGroup = CEB9937D1F73203C00083A2F;
			productRefGroup = CEB993871F73203C00083A2F /* Products */;
			projectDirPath = "";
			projectRoot = "";
			targets = (
				CEB993851F73203C00083A2F /* Motivetica */,
				CE4677FC1F7C334100DB9361 /* MotiveticaTests */,
				CE46780A1F7C334E00DB9361 /* MotiveticaUITests */,
			);
		};
/* End PBXProject section */

/* Begin PBXResourcesBuildPhase section */
		CE4677FB1F7C334100DB9361 /* Resources */ = {
			isa = PBXResourcesBuildPhase;
			buildActionMask = 2147483647;
			files = (
			);
			runOnlyForDeploymentPostprocessing = 0;
		};
		CE4678091F7C334E00DB9361 /* Resources */ = {
			isa = PBXResourcesBuildPhase;
			buildActionMask = 2147483647;
			files = (
			);
			runOnlyForDeploymentPostprocessing = 0;
		};
		CEB993841F73203C00083A2F /* Resources */ = {
			isa = PBXResourcesBuildPhase;
			buildActionMask = 2147483647;
			files = (
				CEB993941F73203C00083A2F /* LaunchScreen.storyboard in Resources */,
				CEB993911F73203C00083A2F /* Assets.xcassets in Resources */,
				CEB9938F1F73203C00083A2F /* Main.storyboard in Resources */,
			);
			runOnlyForDeploymentPostprocessing = 0;
		};
/* End PBXResourcesBuildPhase section */

/* Begin PBXShellScriptBuildPhase section */
		5320BE200EA255ABD65FA8F7 /* [CP] Embed Pods Frameworks */ = {
			isa = PBXShellScriptBuildPhase;
			buildActionMask = 2147483647;
			files = (
			);
			inputPaths = (
				"${SRCROOT}/Pods/Target Support Files/Pods-Motivetica/Pods-Motivetica-frameworks.sh",
				"${BUILT_PRODUCTS_DIR}/Alamofire/Alamofire.framework",
				"${BUILT_PRODUCTS_DIR}/RxAlamofire/RxAlamofire.framework",
				"${BUILT_PRODUCTS_DIR}/RxCocoa/RxCocoa.framework",
				"${BUILT_PRODUCTS_DIR}/RxSwift/RxSwift.framework",
			);
			name = "[CP] Embed Pods Frameworks";
			outputPaths = (
				"${TARGET_BUILD_DIR}/${FRAMEWORKS_FOLDER_PATH}/Alamofire.framework",
				"${TARGET_BUILD_DIR}/${FRAMEWORKS_FOLDER_PATH}/RxAlamofire.framework",
				"${TARGET_BUILD_DIR}/${FRAMEWORKS_FOLDER_PATH}/RxCocoa.framework",
				"${TARGET_BUILD_DIR}/${FRAMEWORKS_FOLDER_PATH}/RxSwift.framework",
			);
			runOnlyForDeploymentPostprocessing = 0;
			shellPath = /bin/sh;
			shellScript = "\"${SRCROOT}/Pods/Target Support Files/Pods-Motivetica/Pods-Motivetica-frameworks.sh\"\n";
			showEnvVarsInLog = 0;
		};
		6C401368C26C2619AD13CDE9 /* [CP] Copy Pods Resources */ = {
			isa = PBXShellScriptBuildPhase;
			buildActionMask = 2147483647;
			files = (
			);
			inputPaths = (
			);
			name = "[CP] Copy Pods Resources";
			outputPaths = (
			);
			runOnlyForDeploymentPostprocessing = 0;
			shellPath = /bin/sh;
			shellScript = "\"${SRCROOT}/Pods/Target Support Files/Pods-Motivetica/Pods-Motivetica-resources.sh\"\n";
			showEnvVarsInLog = 0;
		};
		F3D47237274BB51A6789B17A /* [CP] Check Pods Manifest.lock */ = {
			isa = PBXShellScriptBuildPhase;
			buildActionMask = 2147483647;
			files = (
			);
			inputPaths = (
				"${PODS_PODFILE_DIR_PATH}/Podfile.lock",
				"${PODS_ROOT}/Manifest.lock",
			);
			name = "[CP] Check Pods Manifest.lock";
			outputPaths = (
				"$(DERIVED_FILE_DIR)/Pods-Motivetica-checkManifestLockResult.txt",
			);
			runOnlyForDeploymentPostprocessing = 0;
			shellPath = /bin/sh;
			shellScript = "diff \"${PODS_PODFILE_DIR_PATH}/Podfile.lock\" \"${PODS_ROOT}/Manifest.lock\" > /dev/null\nif [ $? != 0 ] ; then\n    # print error to STDERR\n    echo \"error: The sandbox is not in sync with the Podfile.lock. Run 'pod install' or update your CocoaPods installation.\" >&2\n    exit 1\nfi\n# This output is used by Xcode 'outputs' to avoid re-running this script phase.\necho \"SUCCESS\" > \"${SCRIPT_OUTPUT_FILE_0}\"\n";
			showEnvVarsInLog = 0;
		};
/* End PBXShellScriptBuildPhase section */

/* Begin PBXSourcesBuildPhase section */
		CE4677F91F7C334100DB9361 /* Sources */ = {
			isa = PBXSourcesBuildPhase;
			buildActionMask = 2147483647;
			files = (
				CE4678001F7C334100DB9361 /* MotiveticaTests.swift in Sources */,
			);
			runOnlyForDeploymentPostprocessing = 0;
		};
		CE4678071F7C334E00DB9361 /* Sources */ = {
			isa = PBXSourcesBuildPhase;
			buildActionMask = 2147483647;
			files = (
				CE46780E1F7C334E00DB9361 /* MotiveticaUITests.swift in Sources */,
			);
			runOnlyForDeploymentPostprocessing = 0;
		};
		CEB993821F73203C00083A2F /* Sources */ = {
			isa = PBXSourcesBuildPhase;
			buildActionMask = 2147483647;
			files = (
				033EF1CF1F82E982003808AF /* Author+CoreDataProperties.swift in Sources */,
				033EF1CE1F82E982003808AF /* Author+CoreDataClass.swift in Sources */,
				033EF1CD1F82E982003808AF /* Quote+CoreDataProperties.swift in Sources */,
				CEB9938C1F73203C00083A2F /* ViewController.swift in Sources */,
				033EF1B71F82E49A003808AF /* Motivetica.xcdatamodeld in Sources */,
				033EF1CC1F82E982003808AF /* Quote+CoreDataClass.swift in Sources */,
				CEB9938A1F73203C00083A2F /* AppDelegate.swift in Sources */,
			);
			runOnlyForDeploymentPostprocessing = 0;
		};
/* End PBXSourcesBuildPhase section */

/* Begin PBXTargetDependency section */
		CE4678031F7C334100DB9361 /* PBXTargetDependency */ = {
			isa = PBXTargetDependency;
			target = CEB993851F73203C00083A2F /* Motivetica */;
			targetProxy = CE4678021F7C334100DB9361 /* PBXContainerItemProxy */;
		};
		CE4678111F7C334E00DB9361 /* PBXTargetDependency */ = {
			isa = PBXTargetDependency;
			target = CEB993851F73203C00083A2F /* Motivetica */;
			targetProxy = CE4678101F7C334E00DB9361 /* PBXContainerItemProxy */;
		};
/* End PBXTargetDependency section */

/* Begin PBXVariantGroup section */
		CEB9938D1F73203C00083A2F /* Main.storyboard */ = {
			isa = PBXVariantGroup;
			children = (
				CEB9938E1F73203C00083A2F /* Base */,
			);
			name = Main.storyboard;
			sourceTree = "<group>";
		};
		CEB993921F73203C00083A2F /* LaunchScreen.storyboard */ = {
			isa = PBXVariantGroup;
			children = (
				CEB993931F73203C00083A2F /* Base */,
			);
			name = LaunchScreen.storyboard;
			sourceTree = "<group>";
		};
/* End PBXVariantGroup section */

/* Begin XCBuildConfiguration section */
		CE4678041F7C334100DB9361 /* Debug */ = {
			isa = XCBuildConfiguration;
			buildSettings = {
				BUNDLE_LOADER = "$(TEST_HOST)";
				CODE_SIGN_STYLE = Automatic;
				DEVELOPMENT_TEAM = GW82A8W73Z;
				INFOPLIST_FILE = MotiveticaTests/Info.plist;
				LD_RUNPATH_SEARCH_PATHS = "$(inherited) @executable_path/Frameworks @loader_path/Frameworks";
				PRODUCT_BUNDLE_IDENTIFIER = me.minikin.MotiveticaTests;
				PRODUCT_NAME = "$(TARGET_NAME)";
				SWIFT_VERSION = 4.0;
				TARGETED_DEVICE_FAMILY = "1,2";
				TEST_HOST = "$(BUILT_PRODUCTS_DIR)/Motivetica.app/Motivetica";
			};
			name = Debug;
		};
		CE4678051F7C334100DB9361 /* Release */ = {
			isa = XCBuildConfiguration;
			buildSettings = {
				BUNDLE_LOADER = "$(TEST_HOST)";
				CODE_SIGN_STYLE = Automatic;
				DEVELOPMENT_TEAM = GW82A8W73Z;
				INFOPLIST_FILE = MotiveticaTests/Info.plist;
				LD_RUNPATH_SEARCH_PATHS = "$(inherited) @executable_path/Frameworks @loader_path/Frameworks";
				PRODUCT_BUNDLE_IDENTIFIER = me.minikin.MotiveticaTests;
				PRODUCT_NAME = "$(TARGET_NAME)";
				SWIFT_VERSION = 4.0;
				TARGETED_DEVICE_FAMILY = "1,2";
				TEST_HOST = "$(BUILT_PRODUCTS_DIR)/Motivetica.app/Motivetica";
			};
			name = Release;
		};
		CE4678131F7C334E00DB9361 /* Debug */ = {
			isa = XCBuildConfiguration;
			buildSettings = {
				CODE_SIGN_STYLE = Automatic;
				DEVELOPMENT_TEAM = GW82A8W73Z;
				INFOPLIST_FILE = MotiveticaUITests/Info.plist;
				LD_RUNPATH_SEARCH_PATHS = "$(inherited) @executable_path/Frameworks @loader_path/Frameworks";
				PRODUCT_BUNDLE_IDENTIFIER = me.minikin.MotiveticaUITests;
				PRODUCT_NAME = "$(TARGET_NAME)";
				SWIFT_VERSION = 4.0;
				TARGETED_DEVICE_FAMILY = "1,2";
				TEST_TARGET_NAME = Motivetica;
			};
			name = Debug;
		};
		CE4678141F7C334E00DB9361 /* Release */ = {
			isa = XCBuildConfiguration;
			buildSettings = {
				CODE_SIGN_STYLE = Automatic;
				DEVELOPMENT_TEAM = GW82A8W73Z;
				INFOPLIST_FILE = MotiveticaUITests/Info.plist;
				LD_RUNPATH_SEARCH_PATHS = "$(inherited) @executable_path/Frameworks @loader_path/Frameworks";
				PRODUCT_BUNDLE_IDENTIFIER = me.minikin.MotiveticaUITests;
				PRODUCT_NAME = "$(TARGET_NAME)";
				SWIFT_VERSION = 4.0;
				TARGETED_DEVICE_FAMILY = "1,2";
				TEST_TARGET_NAME = Motivetica;
			};
			name = Release;
		};
		CEB993961F73203C00083A2F /* Debug */ = {
			isa = XCBuildConfiguration;
			buildSettings = {
				ALWAYS_SEARCH_USER_PATHS = NO;
				CLANG_ANALYZER_NONNULL = YES;
				CLANG_ANALYZER_NUMBER_OBJECT_CONVERSION = YES_AGGRESSIVE;
				CLANG_CXX_LANGUAGE_STANDARD = "gnu++14";
				CLANG_CXX_LIBRARY = "libc++";
				CLANG_ENABLE_MODULES = YES;
				CLANG_ENABLE_OBJC_ARC = YES;
				CLANG_WARN_BLOCK_CAPTURE_AUTORELEASING = YES;
				CLANG_WARN_BOOL_CONVERSION = YES;
				CLANG_WARN_COMMA = YES;
				CLANG_WARN_CONSTANT_CONVERSION = YES;
				CLANG_WARN_DIRECT_OBJC_ISA_USAGE = YES_ERROR;
				CLANG_WARN_DOCUMENTATION_COMMENTS = YES;
				CLANG_WARN_EMPTY_BODY = YES;
				CLANG_WARN_ENUM_CONVERSION = YES;
				CLANG_WARN_INFINITE_RECURSION = YES;
				CLANG_WARN_INT_CONVERSION = YES;
				CLANG_WARN_NON_LITERAL_NULL_CONVERSION = YES;
				CLANG_WARN_OBJC_LITERAL_CONVERSION = YES;
				CLANG_WARN_OBJC_ROOT_CLASS = YES_ERROR;
				CLANG_WARN_RANGE_LOOP_ANALYSIS = YES;
				CLANG_WARN_STRICT_PROTOTYPES = YES;
				CLANG_WARN_SUSPICIOUS_MOVE = YES;
				CLANG_WARN_UNGUARDED_AVAILABILITY = YES_AGGRESSIVE;
				CLANG_WARN_UNREACHABLE_CODE = YES;
				CLANG_WARN__DUPLICATE_METHOD_MATCH = YES;
				CODE_SIGN_IDENTITY = "iPhone Developer";
				COPY_PHASE_STRIP = NO;
				DEBUG_INFORMATION_FORMAT = dwarf;
				ENABLE_STRICT_OBJC_MSGSEND = YES;
				ENABLE_TESTABILITY = YES;
				GCC_C_LANGUAGE_STANDARD = gnu11;
				GCC_DYNAMIC_NO_PIC = NO;
				GCC_NO_COMMON_BLOCKS = YES;
				GCC_OPTIMIZATION_LEVEL = 0;
				GCC_PREPROCESSOR_DEFINITIONS = (
					"DEBUG=1",
					"$(inherited)",
				);
				GCC_WARN_64_TO_32_BIT_CONVERSION = YES;
				GCC_WARN_ABOUT_RETURN_TYPE = YES_ERROR;
				GCC_WARN_UNDECLARED_SELECTOR = YES;
				GCC_WARN_UNINITIALIZED_AUTOS = YES_AGGRESSIVE;
				GCC_WARN_UNUSED_FUNCTION = YES;
				GCC_WARN_UNUSED_VARIABLE = YES;
				IPHONEOS_DEPLOYMENT_TARGET = 11.0;
				MTL_ENABLE_DEBUG_INFO = YES;
				ONLY_ACTIVE_ARCH = YES;
				SDKROOT = iphoneos;
				SWIFT_ACTIVE_COMPILATION_CONDITIONS = DEBUG;
				SWIFT_OPTIMIZATION_LEVEL = "-Onone";
			};
			name = Debug;
		};
		CEB993971F73203C00083A2F /* Release */ = {
			isa = XCBuildConfiguration;
			buildSettings = {
				ALWAYS_SEARCH_USER_PATHS = NO;
				CLANG_ANALYZER_NONNULL = YES;
				CLANG_ANALYZER_NUMBER_OBJECT_CONVERSION = YES_AGGRESSIVE;
				CLANG_CXX_LANGUAGE_STANDARD = "gnu++14";
				CLANG_CXX_LIBRARY = "libc++";
				CLANG_ENABLE_MODULES = YES;
				CLANG_ENABLE_OBJC_ARC = YES;
				CLANG_WARN_BLOCK_CAPTURE_AUTORELEASING = YES;
				CLANG_WARN_BOOL_CONVERSION = YES;
				CLANG_WARN_COMMA = YES;
				CLANG_WARN_CONSTANT_CONVERSION = YES;
				CLANG_WARN_DIRECT_OBJC_ISA_USAGE = YES_ERROR;
				CLANG_WARN_DOCUMENTATION_COMMENTS = YES;
				CLANG_WARN_EMPTY_BODY = YES;
				CLANG_WARN_ENUM_CONVERSION = YES;
				CLANG_WARN_INFINITE_RECURSION = YES;
				CLANG_WARN_INT_CONVERSION = YES;
				CLANG_WARN_NON_LITERAL_NULL_CONVERSION = YES;
				CLANG_WARN_OBJC_LITERAL_CONVERSION = YES;
				CLANG_WARN_OBJC_ROOT_CLASS = YES_ERROR;
				CLANG_WARN_RANGE_LOOP_ANALYSIS = YES;
				CLANG_WARN_STRICT_PROTOTYPES = YES;
				CLANG_WARN_SUSPICIOUS_MOVE = YES;
				CLANG_WARN_UNGUARDED_AVAILABILITY = YES_AGGRESSIVE;
				CLANG_WARN_UNREACHABLE_CODE = YES;
				CLANG_WARN__DUPLICATE_METHOD_MATCH = YES;
				CODE_SIGN_IDENTITY = "iPhone Developer";
				COPY_PHASE_STRIP = NO;
				DEBUG_INFORMATION_FORMAT = "dwarf-with-dsym";
				ENABLE_NS_ASSERTIONS = NO;
				ENABLE_STRICT_OBJC_MSGSEND = YES;
				GCC_C_LANGUAGE_STANDARD = gnu11;
				GCC_NO_COMMON_BLOCKS = YES;
				GCC_WARN_64_TO_32_BIT_CONVERSION = YES;
				GCC_WARN_ABOUT_RETURN_TYPE = YES_ERROR;
				GCC_WARN_UNDECLARED_SELECTOR = YES;
				GCC_WARN_UNINITIALIZED_AUTOS = YES_AGGRESSIVE;
				GCC_WARN_UNUSED_FUNCTION = YES;
				GCC_WARN_UNUSED_VARIABLE = YES;
				IPHONEOS_DEPLOYMENT_TARGET = 11.0;
				MTL_ENABLE_DEBUG_INFO = NO;
				SDKROOT = iphoneos;
				SWIFT_OPTIMIZATION_LEVEL = "-Owholemodule";
				VALIDATE_PRODUCT = YES;
			};
			name = Release;
		};
		CEB993991F73203C00083A2F /* Debug */ = {
			isa = XCBuildConfiguration;
			baseConfigurationReference = E8FB72C494CDFA577563501D /* Pods-Motivetica.debug.xcconfig */;
			buildSettings = {
				ASSETCATALOG_COMPILER_APPICON_NAME = AppIcon;
				CODE_SIGN_STYLE = Automatic;
				DEVELOPMENT_TEAM = U8369V84MM;
				INFOPLIST_FILE = Motivetica/Info.plist;
				LD_RUNPATH_SEARCH_PATHS = "$(inherited) @executable_path/Frameworks";
				PRODUCT_BUNDLE_IDENTIFIER = me.minikin.Motivetica;
				PRODUCT_NAME = "$(TARGET_NAME)";
				SWIFT_VERSION = 4.0;
				TARGETED_DEVICE_FAMILY = "1,2";
			};
			name = Debug;
		};
		CEB9939A1F73203C00083A2F /* Release */ = {
			isa = XCBuildConfiguration;
			baseConfigurationReference = 5B662B04524C9793BDBF5416 /* Pods-Motivetica.release.xcconfig */;
			buildSettings = {
				ASSETCATALOG_COMPILER_APPICON_NAME = AppIcon;
				CODE_SIGN_STYLE = Automatic;
				DEVELOPMENT_TEAM = U8369V84MM;
				INFOPLIST_FILE = Motivetica/Info.plist;
				LD_RUNPATH_SEARCH_PATHS = "$(inherited) @executable_path/Frameworks";
				PRODUCT_BUNDLE_IDENTIFIER = me.minikin.Motivetica;
				PRODUCT_NAME = "$(TARGET_NAME)";
				SWIFT_VERSION = 4.0;
				TARGETED_DEVICE_FAMILY = "1,2";
			};
			name = Release;
		};
/* End XCBuildConfiguration section */

/* Begin XCConfigurationList section */
		CE4678061F7C334100DB9361 /* Build configuration list for PBXNativeTarget "MotiveticaTests" */ = {
			isa = XCConfigurationList;
			buildConfigurations = (
				CE4678041F7C334100DB9361 /* Debug */,
				CE4678051F7C334100DB9361 /* Release */,
			);
			defaultConfigurationIsVisible = 0;
			defaultConfigurationName = Release;
		};
		CE4678121F7C334E00DB9361 /* Build configuration list for PBXNativeTarget "MotiveticaUITests" */ = {
			isa = XCConfigurationList;
			buildConfigurations = (
				CE4678131F7C334E00DB9361 /* Debug */,
				CE4678141F7C334E00DB9361 /* Release */,
			);
			defaultConfigurationIsVisible = 0;
			defaultConfigurationName = Release;
		};
		CEB993811F73203C00083A2F /* Build configuration list for PBXProject "Motivetica" */ = {
			isa = XCConfigurationList;
			buildConfigurations = (
				CEB993961F73203C00083A2F /* Debug */,
				CEB993971F73203C00083A2F /* Release */,
			);
			defaultConfigurationIsVisible = 0;
			defaultConfigurationName = Release;
		};
		CEB993981F73203C00083A2F /* Build configuration list for PBXNativeTarget "Motivetica" */ = {
			isa = XCConfigurationList;
			buildConfigurations = (
				CEB993991F73203C00083A2F /* Debug */,
				CEB9939A1F73203C00083A2F /* Release */,
			);
			defaultConfigurationIsVisible = 0;
			defaultConfigurationName = Release;
		};
/* End XCConfigurationList section */

/* Begin XCVersionGroup section */
		033EF1B41F82E2F9003808AF /* Motivetica.xcdatamodeld */ = {
			isa = XCVersionGroup;
			children = (
				033EF1B51F82E2F9003808AF /* Motivetica.xcdatamodel */,
			);
			currentVersion = 033EF1B51F82E2F9003808AF /* Motivetica.xcdatamodel */;
			path = Motivetica.xcdatamodeld;
			sourceTree = "<group>";
			versionGroupType = wrapper.xcdatamodel;
		};
/* End XCVersionGroup section */
	};
	rootObject = CEB9937E1F73203C00083A2F /* Project object */;
}
