// !$*UTF8*$!
{
	archiveVersion = 1;
	classes = {
	};
	objectVersion = 48;
	objects = {

/* Begin PBXBuildFile section */
		033EF1B71F82E49A003808AF /* Motivetica.xcdatamodeld in Sources */ = {isa = PBXBuildFile; fileRef = 033EF1B41F82E2F9003808AF /* Motivetica.xcdatamodeld */; };
		4346E86BFF38C555C843792B /* Pods_MotiveticaTests.framework in Frameworks */ = {isa = PBXBuildFile; fileRef = 8C77F4F28FB4CFFBA142C481 /* Pods_MotiveticaTests.framework */; };
		4C07186AF50C8E356BA08FF9 /* Pods_MotiveticaUITests.framework in Frameworks */ = {isa = PBXBuildFile; fileRef = C2F2CCCAF1862F5981A2E6B9 /* Pods_MotiveticaUITests.framework */; };
		B79A0DC5488019B337924647 /* Pods_Motivetica.framework in Frameworks */ = {isa = PBXBuildFile; fileRef = 5A2CED4EF8FACD223C76434A /* Pods_Motivetica.framework */; };
		CE03DF931FA893A900EFFB40 /* GlobalFunctions.swift in Sources */ = {isa = PBXBuildFile; fileRef = CE03DF921FA893A900EFFB40 /* GlobalFunctions.swift */; };
		CE0B13FB1FAF657C0087E065 /* MotiveticaAlertViewController.swift in Sources */ = {isa = PBXBuildFile; fileRef = CE0B13F91FAF657C0087E065 /* MotiveticaAlertViewController.swift */; };
		CE0B13FC1FAF657C0087E065 /* MotiveticaAlertViewController.xib in Resources */ = {isa = PBXBuildFile; fileRef = CE0B13FA1FAF657C0087E065 /* MotiveticaAlertViewController.xib */; };
		CE1EA7AF1FA62C22005C93C9 /* NSManagedObject.swift in Sources */ = {isa = PBXBuildFile; fileRef = CE1EA7AE1FA62C22005C93C9 /* NSManagedObject.swift */; };
		CE1EA7B11FA62C3F005C93C9 /* NSManagedObjectContext.swift in Sources */ = {isa = PBXBuildFile; fileRef = CE1EA7B01FA62C3F005C93C9 /* NSManagedObjectContext.swift */; };
		CE2B78251F9D2FC000E45E16 /* MotiveticaKeys.plist in Resources */ = {isa = PBXBuildFile; fileRef = CE2B78241F9D2FC000E45E16 /* MotiveticaKeys.plist */; };
		CE2B78281F9D316A00E45E16 /* FilesHelper.swift in Sources */ = {isa = PBXBuildFile; fileRef = CE2B78271F9D316A00E45E16 /* FilesHelper.swift */; };
		CE2B782A1F9D366800E45E16 /* Home.storyboard in Resources */ = {isa = PBXBuildFile; fileRef = CE2B78291F9D366800E45E16 /* Home.storyboard */; };
		CE2B782C1F9D372800E45E16 /* TypingMotiveticaViewController.swift in Sources */ = {isa = PBXBuildFile; fileRef = CE2B782B1F9D372800E45E16 /* TypingMotiveticaViewController.swift */; };
		CE2B78301F9D3E7200E45E16 /* About.storyboard in Resources */ = {isa = PBXBuildFile; fileRef = CE2B782F1F9D3E7200E45E16 /* About.storyboard */; };
		CE2B78331F9D3E9100E45E16 /* AboutViewController.swift in Sources */ = {isa = PBXBuildFile; fileRef = CE2B78321F9D3E9100E45E16 /* AboutViewController.swift */; };
		CE2B78371F9D3F6800E45E16 /* QuotesList.storyboard in Resources */ = {isa = PBXBuildFile; fileRef = CE2B78361F9D3F6800E45E16 /* QuotesList.storyboard */; };
		CE2B78391F9D3F8000E45E16 /* QuotesListViewController.swift in Sources */ = {isa = PBXBuildFile; fileRef = CE2B78381F9D3F8000E45E16 /* QuotesListViewController.swift */; };
		CE2B783D1F9D409300E45E16 /* UserQuote.storyboard in Resources */ = {isa = PBXBuildFile; fileRef = CE2B783C1F9D409300E45E16 /* UserQuote.storyboard */; };
		CE44620F1FB8B0FF0064A9AC /* HashFunctions.swift in Sources */ = {isa = PBXBuildFile; fileRef = CE44620E1FB8B0FF0064A9AC /* HashFunctions.swift */; };
		CE4678001F7C334100DB9361 /* MotiveticaTests.swift in Sources */ = {isa = PBXBuildFile; fileRef = CE4677FF1F7C334100DB9361 /* MotiveticaTests.swift */; };
		CE46780E1F7C334E00DB9361 /* MotiveticaUITests.swift in Sources */ = {isa = PBXBuildFile; fileRef = CE46780D1F7C334E00DB9361 /* MotiveticaUITests.swift */; };
		CE6E6C561FA5F57F002FF3DB /* CoreDataStack.swift in Sources */ = {isa = PBXBuildFile; fileRef = CE6E6C551FA5F57F002FF3DB /* CoreDataStack.swift */; };
		CE6E6C5B1FA5FE8C002FF3DB /* Environment.swift in Sources */ = {isa = PBXBuildFile; fileRef = CE6E6C5A1FA5FE8C002FF3DB /* Environment.swift */; };
		CE6E6C621FA608DA002FF3DB /* CellDescriptor.swift in Sources */ = {isa = PBXBuildFile; fileRef = CE6E6C611FA608DA002FF3DB /* CellDescriptor.swift */; };
		CE6E6C641FA60944002FF3DB /* ItemsDataSource.swift in Sources */ = {isa = PBXBuildFile; fileRef = CE6E6C631FA60944002FF3DB /* ItemsDataSource.swift */; };
		CE7CE2201FA9F12400E05AF3 /* Theme.swift in Sources */ = {isa = PBXBuildFile; fileRef = CE7CE21F1FA9F12400E05AF3 /* Theme.swift */; };
		CE94F1C41FB88B6C001F0196 /* Author.swift in Sources */ = {isa = PBXBuildFile; fileRef = CE94F1C31FB88B6C001F0196 /* Author.swift */; };
		CE94F1C61FB88BAA001F0196 /* Quote.swift in Sources */ = {isa = PBXBuildFile; fileRef = CE94F1C51FB88BAA001F0196 /* Quote.swift */; };
		CEB9938A1F73203C00083A2F /* AppDelegate.swift in Sources */ = {isa = PBXBuildFile; fileRef = CEB993891F73203C00083A2F /* AppDelegate.swift */; };
		CEB993911F73203C00083A2F /* Assets.xcassets in Resources */ = {isa = PBXBuildFile; fileRef = CEB993901F73203C00083A2F /* Assets.xcassets */; };
		CEB993941F73203C00083A2F /* LaunchScreen.storyboard in Resources */ = {isa = PBXBuildFile; fileRef = CEB993921F73203C00083A2F /* LaunchScreen.storyboard */; };
		CECCFCF81FABBF73009CEFA3 /* Intro.json in Resources */ = {isa = PBXBuildFile; fileRef = CECCFCEB1FABBF72009CEFA3 /* Intro.json */; };
		CECCFCF91FABBF73009CEFA3 /* img_0.png in Resources */ = {isa = PBXBuildFile; fileRef = CECCFCED1FABBF73009CEFA3 /* img_0.png */; };
		CECCFCFA1FABBF73009CEFA3 /* img_1.png in Resources */ = {isa = PBXBuildFile; fileRef = CECCFCEE1FABBF73009CEFA3 /* img_1.png */; };
		CECCFCFB1FABBF73009CEFA3 /* img_10.png in Resources */ = {isa = PBXBuildFile; fileRef = CECCFCEF1FABBF73009CEFA3 /* img_10.png */; };
		CECCFCFC1FABBF73009CEFA3 /* img_2.png in Resources */ = {isa = PBXBuildFile; fileRef = CECCFCF01FABBF73009CEFA3 /* img_2.png */; };
		CECCFCFD1FABBF73009CEFA3 /* img_3.png in Resources */ = {isa = PBXBuildFile; fileRef = CECCFCF11FABBF73009CEFA3 /* img_3.png */; };
		CECCFCFE1FABBF73009CEFA3 /* img_4.png in Resources */ = {isa = PBXBuildFile; fileRef = CECCFCF21FABBF73009CEFA3 /* img_4.png */; };
		CECCFCFF1FABBF73009CEFA3 /* img_5.png in Resources */ = {isa = PBXBuildFile; fileRef = CECCFCF31FABBF73009CEFA3 /* img_5.png */; };
		CECCFD001FABBF73009CEFA3 /* img_6.png in Resources */ = {isa = PBXBuildFile; fileRef = CECCFCF41FABBF73009CEFA3 /* img_6.png */; };
		CECCFD011FABBF73009CEFA3 /* img_7.png in Resources */ = {isa = PBXBuildFile; fileRef = CECCFCF51FABBF73009CEFA3 /* img_7.png */; };
		CECCFD021FABBF73009CEFA3 /* img_8.png in Resources */ = {isa = PBXBuildFile; fileRef = CECCFCF61FABBF73009CEFA3 /* img_8.png */; };
		CECCFD031FABBF73009CEFA3 /* img_9.png in Resources */ = {isa = PBXBuildFile; fileRef = CECCFCF71FABBF73009CEFA3 /* img_9.png */; };
		CED01B531FB760FB00825EDF /* QuotesListLayout.swift in Sources */ = {isa = PBXBuildFile; fileRef = CED01B521FB760FB00825EDF /* QuotesListLayout.swift */; };
		CED01B551FB761A100825EDF /* QuotesListViewModel.swift in Sources */ = {isa = PBXBuildFile; fileRef = CED01B541FB761A100825EDF /* QuotesListViewModel.swift */; };
		CED01B581FB8773700825EDF /* PagedResponse.swift in Sources */ = {isa = PBXBuildFile; fileRef = CED01B571FB8773700825EDF /* PagedResponse.swift */; };
		CED01B5A1FB877DD00825EDF /* MotiveticaAPIClient.swift in Sources */ = {isa = PBXBuildFile; fileRef = CED01B591FB877DD00825EDF /* MotiveticaAPIClient.swift */; };
		CED01B5C1FB8781000825EDF /* MotiveticaAPIRouter.swift in Sources */ = {isa = PBXBuildFile; fileRef = CED01B5B1FB8781000825EDF /* MotiveticaAPIRouter.swift */; };
		CED683841FB884DF00C88151 /* AuthorResponse.swift in Sources */ = {isa = PBXBuildFile; fileRef = CED683831FB884DF00C88151 /* AuthorResponse.swift */; };
		CED683861FB884EA00C88151 /* QuoteResponse.swift in Sources */ = {isa = PBXBuildFile; fileRef = CED683851FB884EA00C88151 /* QuoteResponse.swift */; };
		CEEF0DF41FB8FC6C008B3232 /* Result.swift in Sources */ = {isa = PBXBuildFile; fileRef = CEEF0DF31FB8FC6C008B3232 /* Result.swift */; };
		CEF043FC1F9FE21B00D1190F /* QuotesCell.swift in Sources */ = {isa = PBXBuildFile; fileRef = CEF043FB1F9FE21B00D1190F /* QuotesCell.swift */; };
		CEF126951F9D15350007F7BA /* UserQuoteViewController.swift in Sources */ = {isa = PBXBuildFile; fileRef = CEF126941F9D15350007F7BA /* UserQuoteViewController.swift */; };
		CEF1269F1F9D1B210007F7BA /* HomeViewController.swift in Sources */ = {isa = PBXBuildFile; fileRef = CEF1269E1F9D1B210007F7BA /* HomeViewController.swift */; };
		CEF47C7B1FB26FCA00FB61FE /* Clock.swift in Sources */ = {isa = PBXBuildFile; fileRef = CEF47C7A1FB26FCA00FB61FE /* Clock.swift */; };
/* End PBXBuildFile section */

/* Begin PBXContainerItemProxy section */
		CE4678021F7C334100DB9361 /* PBXContainerItemProxy */ = {
			isa = PBXContainerItemProxy;
			containerPortal = CEB9937E1F73203C00083A2F /* Project object */;
			proxyType = 1;
			remoteGlobalIDString = CEB993851F73203C00083A2F;
			remoteInfo = Motivetica;
		};
		CE4678101F7C334E00DB9361 /* PBXContainerItemProxy */ = {
			isa = PBXContainerItemProxy;
			containerPortal = CEB9937E1F73203C00083A2F /* Project object */;
			proxyType = 1;
			remoteGlobalIDString = CEB993851F73203C00083A2F;
			remoteInfo = Motivetica;
		};
/* End PBXContainerItemProxy section */

/* Begin PBXFileReference section */
		033EF1B51F82E2F9003808AF /* Motivetica.xcdatamodel */ = {isa = PBXFileReference; lastKnownFileType = wrapper.xcdatamodel; path = Motivetica.xcdatamodel; sourceTree = "<group>"; };
		064C13A7094BF6D861F6AA6B /* Pods-MotiveticaUITests.release.xcconfig */ = {isa = PBXFileReference; includeInIndex = 1; lastKnownFileType = text.xcconfig; name = "Pods-MotiveticaUITests.release.xcconfig"; path = "Pods/Target Support Files/Pods-MotiveticaUITests/Pods-MotiveticaUITests.release.xcconfig"; sourceTree = "<group>"; };
		2AD4669921A6EB4F184195C8 /* Pods-MotiveticaTests.debug.xcconfig */ = {isa = PBXFileReference; includeInIndex = 1; lastKnownFileType = text.xcconfig; name = "Pods-MotiveticaTests.debug.xcconfig"; path = "Pods/Target Support Files/Pods-MotiveticaTests/Pods-MotiveticaTests.debug.xcconfig"; sourceTree = "<group>"; };
		5A2CED4EF8FACD223C76434A /* Pods_Motivetica.framework */ = {isa = PBXFileReference; explicitFileType = wrapper.framework; includeInIndex = 0; path = Pods_Motivetica.framework; sourceTree = BUILT_PRODUCTS_DIR; };
		8C77F4F28FB4CFFBA142C481 /* Pods_MotiveticaTests.framework */ = {isa = PBXFileReference; explicitFileType = wrapper.framework; includeInIndex = 0; path = Pods_MotiveticaTests.framework; sourceTree = BUILT_PRODUCTS_DIR; };
		9B55AEEF3BE4A6D58E873122 /* Pods-Motivetica.debug.xcconfig */ = {isa = PBXFileReference; includeInIndex = 1; lastKnownFileType = text.xcconfig; name = "Pods-Motivetica.debug.xcconfig"; path = "Pods/Target Support Files/Pods-Motivetica/Pods-Motivetica.debug.xcconfig"; sourceTree = "<group>"; };
		A0FFA024855FD83AD477B5ED /* Pods-MotiveticaUITests.debug.xcconfig */ = {isa = PBXFileReference; includeInIndex = 1; lastKnownFileType = text.xcconfig; name = "Pods-MotiveticaUITests.debug.xcconfig"; path = "Pods/Target Support Files/Pods-MotiveticaUITests/Pods-MotiveticaUITests.debug.xcconfig"; sourceTree = "<group>"; };
		ACA794AB07711264AE71B1A0 /* Pods-Motivetica.release.xcconfig */ = {isa = PBXFileReference; includeInIndex = 1; lastKnownFileType = text.xcconfig; name = "Pods-Motivetica.release.xcconfig"; path = "Pods/Target Support Files/Pods-Motivetica/Pods-Motivetica.release.xcconfig"; sourceTree = "<group>"; };
		C2F2CCCAF1862F5981A2E6B9 /* Pods_MotiveticaUITests.framework */ = {isa = PBXFileReference; explicitFileType = wrapper.framework; includeInIndex = 0; path = Pods_MotiveticaUITests.framework; sourceTree = BUILT_PRODUCTS_DIR; };
		CE03DF921FA893A900EFFB40 /* GlobalFunctions.swift */ = {isa = PBXFileReference; lastKnownFileType = sourcecode.swift; path = GlobalFunctions.swift; sourceTree = "<group>"; };
		CE0B13F91FAF657C0087E065 /* MotiveticaAlertViewController.swift */ = {isa = PBXFileReference; lastKnownFileType = sourcecode.swift; path = MotiveticaAlertViewController.swift; sourceTree = "<group>"; };
		CE0B13FA1FAF657C0087E065 /* MotiveticaAlertViewController.xib */ = {isa = PBXFileReference; lastKnownFileType = file.xib; path = MotiveticaAlertViewController.xib; sourceTree = "<group>"; };
		CE1EA7AE1FA62C22005C93C9 /* NSManagedObject.swift */ = {isa = PBXFileReference; lastKnownFileType = sourcecode.swift; path = NSManagedObject.swift; sourceTree = "<group>"; };
		CE1EA7B01FA62C3F005C93C9 /* NSManagedObjectContext.swift */ = {isa = PBXFileReference; lastKnownFileType = sourcecode.swift; path = NSManagedObjectContext.swift; sourceTree = "<group>"; };
		CE2B78241F9D2FC000E45E16 /* MotiveticaKeys.plist */ = {isa = PBXFileReference; lastKnownFileType = text.plist.xml; path = MotiveticaKeys.plist; sourceTree = "<group>"; };
		CE2B78271F9D316A00E45E16 /* FilesHelper.swift */ = {isa = PBXFileReference; lastKnownFileType = sourcecode.swift; path = FilesHelper.swift; sourceTree = "<group>"; };
		CE2B78291F9D366800E45E16 /* Home.storyboard */ = {isa = PBXFileReference; lastKnownFileType = file.storyboard; path = Home.storyboard; sourceTree = "<group>"; };
		CE2B782B1F9D372800E45E16 /* TypingMotiveticaViewController.swift */ = {isa = PBXFileReference; lastKnownFileType = sourcecode.swift; path = TypingMotiveticaViewController.swift; sourceTree = "<group>"; };
		CE2B782F1F9D3E7200E45E16 /* About.storyboard */ = {isa = PBXFileReference; lastKnownFileType = file.storyboard; path = About.storyboard; sourceTree = "<group>"; };
		CE2B78321F9D3E9100E45E16 /* AboutViewController.swift */ = {isa = PBXFileReference; lastKnownFileType = sourcecode.swift; path = AboutViewController.swift; sourceTree = "<group>"; };
		CE2B78361F9D3F6800E45E16 /* QuotesList.storyboard */ = {isa = PBXFileReference; lastKnownFileType = file.storyboard; path = QuotesList.storyboard; sourceTree = "<group>"; };
		CE2B78381F9D3F8000E45E16 /* QuotesListViewController.swift */ = {isa = PBXFileReference; lastKnownFileType = sourcecode.swift; path = QuotesListViewController.swift; sourceTree = "<group>"; };
		CE2B783C1F9D409300E45E16 /* UserQuote.storyboard */ = {isa = PBXFileReference; lastKnownFileType = file.storyboard; path = UserQuote.storyboard; sourceTree = "<group>"; };
		CE44620E1FB8B0FF0064A9AC /* HashFunctions.swift */ = {isa = PBXFileReference; lastKnownFileType = sourcecode.swift; path = HashFunctions.swift; sourceTree = "<group>"; };
		CE4677FD1F7C334100DB9361 /* MotiveticaTests.xctest */ = {isa = PBXFileReference; explicitFileType = wrapper.cfbundle; includeInIndex = 0; path = MotiveticaTests.xctest; sourceTree = BUILT_PRODUCTS_DIR; };
		CE4677FF1F7C334100DB9361 /* MotiveticaTests.swift */ = {isa = PBXFileReference; lastKnownFileType = sourcecode.swift; path = MotiveticaTests.swift; sourceTree = "<group>"; };
		CE4678011F7C334100DB9361 /* Info.plist */ = {isa = PBXFileReference; lastKnownFileType = text.plist.xml; path = Info.plist; sourceTree = "<group>"; };
		CE46780B1F7C334E00DB9361 /* MotiveticaUITests.xctest */ = {isa = PBXFileReference; explicitFileType = wrapper.cfbundle; includeInIndex = 0; path = MotiveticaUITests.xctest; sourceTree = BUILT_PRODUCTS_DIR; };
		CE46780D1F7C334E00DB9361 /* MotiveticaUITests.swift */ = {isa = PBXFileReference; lastKnownFileType = sourcecode.swift; path = MotiveticaUITests.swift; sourceTree = "<group>"; };
		CE46780F1F7C334E00DB9361 /* Info.plist */ = {isa = PBXFileReference; lastKnownFileType = text.plist.xml; path = Info.plist; sourceTree = "<group>"; };
		CE6E6C551FA5F57F002FF3DB /* CoreDataStack.swift */ = {isa = PBXFileReference; lastKnownFileType = sourcecode.swift; path = CoreDataStack.swift; sourceTree = "<group>"; };
		CE6E6C5A1FA5FE8C002FF3DB /* Environment.swift */ = {isa = PBXFileReference; lastKnownFileType = sourcecode.swift; path = Environment.swift; sourceTree = "<group>"; };
		CE6E6C611FA608DA002FF3DB /* CellDescriptor.swift */ = {isa = PBXFileReference; lastKnownFileType = sourcecode.swift; path = CellDescriptor.swift; sourceTree = "<group>"; };
		CE6E6C631FA60944002FF3DB /* ItemsDataSource.swift */ = {isa = PBXFileReference; lastKnownFileType = sourcecode.swift; path = ItemsDataSource.swift; sourceTree = "<group>"; };
		CE7CE21F1FA9F12400E05AF3 /* Theme.swift */ = {isa = PBXFileReference; lastKnownFileType = sourcecode.swift; path = Theme.swift; sourceTree = "<group>"; };
		CE94F1C31FB88B6C001F0196 /* Author.swift */ = {isa = PBXFileReference; lastKnownFileType = sourcecode.swift; path = Author.swift; sourceTree = "<group>"; };
		CE94F1C51FB88BAA001F0196 /* Quote.swift */ = {isa = PBXFileReference; lastKnownFileType = sourcecode.swift; path = Quote.swift; sourceTree = "<group>"; };
		CEB993861F73203C00083A2F /* Motivetica.app */ = {isa = PBXFileReference; explicitFileType = wrapper.application; includeInIndex = 0; path = Motivetica.app; sourceTree = BUILT_PRODUCTS_DIR; };
		CEB993891F73203C00083A2F /* AppDelegate.swift */ = {isa = PBXFileReference; lastKnownFileType = sourcecode.swift; path = AppDelegate.swift; sourceTree = "<group>"; };
		CEB993901F73203C00083A2F /* Assets.xcassets */ = {isa = PBXFileReference; lastKnownFileType = folder.assetcatalog; path = Assets.xcassets; sourceTree = "<group>"; };
		CEB993931F73203C00083A2F /* Base */ = {isa = PBXFileReference; lastKnownFileType = file.storyboard; name = Base; path = Base.lproj/LaunchScreen.storyboard; sourceTree = "<group>"; };
		CEB993951F73203C00083A2F /* Info.plist */ = {isa = PBXFileReference; lastKnownFileType = text.plist.xml; path = Info.plist; sourceTree = "<group>"; };
		CECCFCEB1FABBF72009CEFA3 /* Intro.json */ = {isa = PBXFileReference; fileEncoding = 4; lastKnownFileType = text.json; path = Intro.json; sourceTree = "<group>"; };
		CECCFCED1FABBF73009CEFA3 /* img_0.png */ = {isa = PBXFileReference; lastKnownFileType = image.png; path = img_0.png; sourceTree = "<group>"; };
		CECCFCEE1FABBF73009CEFA3 /* img_1.png */ = {isa = PBXFileReference; lastKnownFileType = image.png; path = img_1.png; sourceTree = "<group>"; };
		CECCFCEF1FABBF73009CEFA3 /* img_10.png */ = {isa = PBXFileReference; lastKnownFileType = image.png; path = img_10.png; sourceTree = "<group>"; };
		CECCFCF01FABBF73009CEFA3 /* img_2.png */ = {isa = PBXFileReference; lastKnownFileType = image.png; path = img_2.png; sourceTree = "<group>"; };
		CECCFCF11FABBF73009CEFA3 /* img_3.png */ = {isa = PBXFileReference; lastKnownFileType = image.png; path = img_3.png; sourceTree = "<group>"; };
		CECCFCF21FABBF73009CEFA3 /* img_4.png */ = {isa = PBXFileReference; lastKnownFileType = image.png; path = img_4.png; sourceTree = "<group>"; };
		CECCFCF31FABBF73009CEFA3 /* img_5.png */ = {isa = PBXFileReference; lastKnownFileType = image.png; path = img_5.png; sourceTree = "<group>"; };
		CECCFCF41FABBF73009CEFA3 /* img_6.png */ = {isa = PBXFileReference; lastKnownFileType = image.png; path = img_6.png; sourceTree = "<group>"; };
		CECCFCF51FABBF73009CEFA3 /* img_7.png */ = {isa = PBXFileReference; lastKnownFileType = image.png; path = img_7.png; sourceTree = "<group>"; };
		CECCFCF61FABBF73009CEFA3 /* img_8.png */ = {isa = PBXFileReference; lastKnownFileType = image.png; path = img_8.png; sourceTree = "<group>"; };
		CECCFCF71FABBF73009CEFA3 /* img_9.png */ = {isa = PBXFileReference; lastKnownFileType = image.png; path = img_9.png; sourceTree = "<group>"; };
		CED01B521FB760FB00825EDF /* QuotesListLayout.swift */ = {isa = PBXFileReference; lastKnownFileType = sourcecode.swift; path = QuotesListLayout.swift; sourceTree = "<group>"; };
		CED01B541FB761A100825EDF /* QuotesListViewModel.swift */ = {isa = PBXFileReference; lastKnownFileType = sourcecode.swift; path = QuotesListViewModel.swift; sourceTree = "<group>"; };
		CED01B571FB8773700825EDF /* PagedResponse.swift */ = {isa = PBXFileReference; lastKnownFileType = sourcecode.swift; path = PagedResponse.swift; sourceTree = "<group>"; };
		CED01B591FB877DD00825EDF /* MotiveticaAPIClient.swift */ = {isa = PBXFileReference; lastKnownFileType = sourcecode.swift; path = MotiveticaAPIClient.swift; sourceTree = "<group>"; };
		CED01B5B1FB8781000825EDF /* MotiveticaAPIRouter.swift */ = {isa = PBXFileReference; lastKnownFileType = sourcecode.swift; path = MotiveticaAPIRouter.swift; sourceTree = "<group>"; };
		CED683831FB884DF00C88151 /* AuthorResponse.swift */ = {isa = PBXFileReference; lastKnownFileType = sourcecode.swift; path = AuthorResponse.swift; sourceTree = "<group>"; };
		CED683851FB884EA00C88151 /* QuoteResponse.swift */ = {isa = PBXFileReference; lastKnownFileType = sourcecode.swift; path = QuoteResponse.swift; sourceTree = "<group>"; };
		CEEF0DF31FB8FC6C008B3232 /* Result.swift */ = {isa = PBXFileReference; lastKnownFileType = sourcecode.swift; path = Result.swift; sourceTree = "<group>"; };
		CEF043FB1F9FE21B00D1190F /* QuotesCell.swift */ = {isa = PBXFileReference; lastKnownFileType = sourcecode.swift; path = QuotesCell.swift; sourceTree = "<group>"; };
		CEF126941F9D15350007F7BA /* UserQuoteViewController.swift */ = {isa = PBXFileReference; lastKnownFileType = sourcecode.swift; path = UserQuoteViewController.swift; sourceTree = "<group>"; };
		CEF1269E1F9D1B210007F7BA /* HomeViewController.swift */ = {isa = PBXFileReference; lastKnownFileType = sourcecode.swift; path = HomeViewController.swift; sourceTree = "<group>"; };
		CEF47C7A1FB26FCA00FB61FE /* Clock.swift */ = {isa = PBXFileReference; lastKnownFileType = sourcecode.swift; path = Clock.swift; sourceTree = "<group>"; };
		E226DDC407D719F155D2FB69 /* Pods-MotiveticaTests.release.xcconfig */ = {isa = PBXFileReference; includeInIndex = 1; lastKnownFileType = text.xcconfig; name = "Pods-MotiveticaTests.release.xcconfig"; path = "Pods/Target Support Files/Pods-MotiveticaTests/Pods-MotiveticaTests.release.xcconfig"; sourceTree = "<group>"; };
/* End PBXFileReference section */

/* Begin PBXFrameworksBuildPhase section */
		CE4677FA1F7C334100DB9361 /* Frameworks */ = {
			isa = PBXFrameworksBuildPhase;
			buildActionMask = 2147483647;
			files = (
				4346E86BFF38C555C843792B /* Pods_MotiveticaTests.framework in Frameworks */,
			);
			runOnlyForDeploymentPostprocessing = 0;
		};
		CE4678081F7C334E00DB9361 /* Frameworks */ = {
			isa = PBXFrameworksBuildPhase;
			buildActionMask = 2147483647;
			files = (
				4C07186AF50C8E356BA08FF9 /* Pods_MotiveticaUITests.framework in Frameworks */,
			);
			runOnlyForDeploymentPostprocessing = 0;
		};
		CEB993831F73203C00083A2F /* Frameworks */ = {
			isa = PBXFrameworksBuildPhase;
			buildActionMask = 2147483647;
			files = (
				B79A0DC5488019B337924647 /* Pods_Motivetica.framework in Frameworks */,
			);
			runOnlyForDeploymentPostprocessing = 0;
		};
/* End PBXFrameworksBuildPhase section */

/* Begin PBXGroup section */
		033EF1D01F82EA00003808AF /* QuotesList */ = {
			isa = PBXGroup;
			children = (
				CE2B78351F9D3F4800E45E16 /* Controllers */,
				CECCFD061FABDDAC009CEFA3 /* Layouts */,
				CECCFD071FABDDB4009CEFA3 /* ViewModels */,
				CE2B78341F9D3F4000E45E16 /* Views */,
			);
			path = QuotesList;
			sourceTree = "<group>";
		};
		033EF1D51F82EAB4003808AF /* Welcome */ = {
			isa = PBXGroup;
			children = (
				CEF1269C1F9D1A1F0007F7BA /* Views */,
			);
			path = Welcome;
			sourceTree = "<group>";
		};
		033EF1D61F82EBDD003808AF /* App */ = {
			isa = PBXGroup;
			children = (
				033EF1DB1F82EC6F003808AF /* AppDelegate */,
				CE2B78261F9D315100E45E16 /* Common */,
				CECCFD041FABDD5B009CEFA3 /* Controllers */,
				CE6E6C5D1FA60090002FF3DB /* CoreData */,
				CE6E6C601FA608D0002FF3DB /* Models */,
				CE1EA7A61FA62507005C93C9 /* Networking */,
				033EF1DC1F82EC80003808AF /* Resources */,
				033EF1D71F82EBE9003808AF /* Supporting Files */,
				CE7CE2211FA9F26F00E05AF3 /* Theme */,
			);
			path = App;
			sourceTree = "<group>";
		};
		033EF1D71F82EBE9003808AF /* Supporting Files */ = {
			isa = PBXGroup;
			children = (
				CEB993951F73203C00083A2F /* Info.plist */,
				CE2B78241F9D2FC000E45E16 /* MotiveticaKeys.plist */,
			);
			path = "Supporting Files";
			sourceTree = "<group>";
		};
		033EF1DB1F82EC6F003808AF /* AppDelegate */ = {
			isa = PBXGroup;
			children = (
				CEB993891F73203C00083A2F /* AppDelegate.swift */,
			);
			path = AppDelegate;
			sourceTree = "<group>";
		};
		033EF1DC1F82EC80003808AF /* Resources */ = {
			isa = PBXGroup;
			children = (
				CE1317991FA8846A001F69FE /* Lottie Animation */,
				CEB993901F73203C00083A2F /* Assets.xcassets */,
			);
			path = Resources;
			sourceTree = "<group>";
		};
		0CBDD03861A673A3B35B618C /* Frameworks */ = {
			isa = PBXGroup;
			children = (
				5A2CED4EF8FACD223C76434A /* Pods_Motivetica.framework */,
				8C77F4F28FB4CFFBA142C481 /* Pods_MotiveticaTests.framework */,
				C2F2CCCAF1862F5981A2E6B9 /* Pods_MotiveticaUITests.framework */,
			);
			name = Frameworks;
			sourceTree = "<group>";
		};
		8A1E6B37E6C91E7E7596B06D /* Pods */ = {
			isa = PBXGroup;
			children = (
				9B55AEEF3BE4A6D58E873122 /* Pods-Motivetica.debug.xcconfig */,
				ACA794AB07711264AE71B1A0 /* Pods-Motivetica.release.xcconfig */,
				2AD4669921A6EB4F184195C8 /* Pods-MotiveticaTests.debug.xcconfig */,
				E226DDC407D719F155D2FB69 /* Pods-MotiveticaTests.release.xcconfig */,
				A0FFA024855FD83AD477B5ED /* Pods-MotiveticaUITests.debug.xcconfig */,
				064C13A7094BF6D861F6AA6B /* Pods-MotiveticaUITests.release.xcconfig */,
			);
			name = Pods;
			sourceTree = "<group>";
		};
		CE1317991FA8846A001F69FE /* Lottie Animation */ = {
			isa = PBXGroup;
			children = (
				CE91116E1FA8866C000248C0 /* Intro Animation */,
			);
			path = "Lottie Animation";
			sourceTree = "<group>";
		};
		CE1EA7A61FA62507005C93C9 /* Networking */ = {
			isa = PBXGroup;
			children = (
				CED01B561FB8772300825EDF /* Models */,
				CED01B591FB877DD00825EDF /* MotiveticaAPIClient.swift */,
				CED01B5B1FB8781000825EDF /* MotiveticaAPIRouter.swift */,
			);
			path = Networking;
			sourceTree = "<group>";
		};
		CE1EA7AD1FA62C16005C93C9 /* Extensions */ = {
			isa = PBXGroup;
			children = (
				CE1EA7AE1FA62C22005C93C9 /* NSManagedObject.swift */,
				CE1EA7B01FA62C3F005C93C9 /* NSManagedObjectContext.swift */,
			);
			path = Extensions;
			sourceTree = "<group>";
		};
		CE2B78231F9D2E8B00E45E16 /* Views */ = {
			isa = PBXGroup;
			children = (
				CE2B78291F9D366800E45E16 /* Home.storyboard */,
			);
			path = Views;
			sourceTree = "<group>";
		};
		CE2B78261F9D315100E45E16 /* Common */ = {
			isa = PBXGroup;
			children = (
				CE2B78271F9D316A00E45E16 /* FilesHelper.swift */,
				CE6E6C5A1FA5FE8C002FF3DB /* Environment.swift */,
				CE6E6C631FA60944002FF3DB /* ItemsDataSource.swift */,
				CE03DF921FA893A900EFFB40 /* GlobalFunctions.swift */,
				CE44620E1FB8B0FF0064A9AC /* HashFunctions.swift */,
			);
			path = Common;
			sourceTree = "<group>";
		};
		CE2B782D1F9D3E5F00E45E16 /* About */ = {
			isa = PBXGroup;
			children = (
				CE2B78311F9D3E8200E45E16 /* Controllers */,
				CE2B782E1F9D3E6600E45E16 /* Views */,
			);
			path = About;
			sourceTree = "<group>";
		};
		CE2B782E1F9D3E6600E45E16 /* Views */ = {
			isa = PBXGroup;
			children = (
				CE2B782F1F9D3E7200E45E16 /* About.storyboard */,
			);
			path = Views;
			sourceTree = "<group>";
		};
		CE2B78311F9D3E8200E45E16 /* Controllers */ = {
			isa = PBXGroup;
			children = (
				CE2B78321F9D3E9100E45E16 /* AboutViewController.swift */,
			);
			path = Controllers;
			sourceTree = "<group>";
		};
		CE2B78341F9D3F4000E45E16 /* Views */ = {
			isa = PBXGroup;
			children = (
				CE2B78361F9D3F6800E45E16 /* QuotesList.storyboard */,
				CEF043FB1F9FE21B00D1190F /* QuotesCell.swift */,
				CED01B521FB760FB00825EDF /* QuotesListLayout.swift */,
			);
			path = Views;
			sourceTree = "<group>";
		};
		CE2B78351F9D3F4800E45E16 /* Controllers */ = {
			isa = PBXGroup;
			children = (
				CE2B78381F9D3F8000E45E16 /* QuotesListViewController.swift */,
			);
			path = Controllers;
			sourceTree = "<group>";
		};
		CE2B783B1F9D408700E45E16 /* Views */ = {
			isa = PBXGroup;
			children = (
				CE2B783C1F9D409300E45E16 /* UserQuote.storyboard */,
			);
			path = Views;
			sourceTree = "<group>";
		};
		CE4677FE1F7C334100DB9361 /* MotiveticaTests */ = {
			isa = PBXGroup;
			children = (
				CE4677FF1F7C334100DB9361 /* MotiveticaTests.swift */,
				CE4678011F7C334100DB9361 /* Info.plist */,
			);
			path = MotiveticaTests;
			sourceTree = "<group>";
		};
		CE46780C1F7C334E00DB9361 /* MotiveticaUITests */ = {
			isa = PBXGroup;
			children = (
				CE46780D1F7C334E00DB9361 /* MotiveticaUITests.swift */,
				CE46780F1F7C334E00DB9361 /* Info.plist */,
			);
			path = MotiveticaUITests;
			sourceTree = "<group>";
		};
		CE6E6C5D1FA60090002FF3DB /* CoreData */ = {
			isa = PBXGroup;
			children = (
				CE1EA7AD1FA62C16005C93C9 /* Extensions */,
				CE6E6C661FA614FF002FF3DB /* CoreDataSeed */,
				CE6E6C551FA5F57F002FF3DB /* CoreDataStack.swift */,
			);
			path = CoreData;
			sourceTree = "<group>";
		};
		CE6E6C601FA608D0002FF3DB /* Models */ = {
			isa = PBXGroup;
			children = (
				CE94F1C31FB88B6C001F0196 /* Author.swift */,
				CE6E6C611FA608DA002FF3DB /* CellDescriptor.swift */,
				CEF47C7A1FB26FCA00FB61FE /* Clock.swift */,
				CE94F1C51FB88BAA001F0196 /* Quote.swift */,
				033EF1B41F82E2F9003808AF /* Motivetica.xcdatamodeld */,
			);
			path = Models;
			sourceTree = "<group>";
		};
		CE6E6C661FA614FF002FF3DB /* CoreDataSeed */ = {
			isa = PBXGroup;
			children = (
			);
			path = CoreDataSeed;
			sourceTree = "<group>";
		};
		CE7CE2211FA9F26F00E05AF3 /* Theme */ = {
			isa = PBXGroup;
			children = (
				CE7CE21F1FA9F12400E05AF3 /* Theme.swift */,
			);
			path = Theme;
			sourceTree = "<group>";
		};
		CE91116E1FA8866C000248C0 /* Intro Animation */ = {
			isa = PBXGroup;
			children = (
				CECCFCEB1FABBF72009CEFA3 /* Intro.json */,
				CECCFCEC1FABBF73009CEFA3 /* images */,
			);
			name = "Intro Animation";
			sourceTree = "<group>";
		};
		CEB9937D1F73203C00083A2F = {
			isa = PBXGroup;
			children = (
				CEB993881F73203C00083A2F /* Motivetica */,
				CE4677FE1F7C334100DB9361 /* MotiveticaTests */,
				CE46780C1F7C334E00DB9361 /* MotiveticaUITests */,
				CEB993871F73203C00083A2F /* Products */,
				8A1E6B37E6C91E7E7596B06D /* Pods */,
				0CBDD03861A673A3B35B618C /* Frameworks */,
			);
			sourceTree = "<group>";
		};
		CEB993871F73203C00083A2F /* Products */ = {
			isa = PBXGroup;
			children = (
				CEB993861F73203C00083A2F /* Motivetica.app */,
				CE4677FD1F7C334100DB9361 /* MotiveticaTests.xctest */,
				CE46780B1F7C334E00DB9361 /* MotiveticaUITests.xctest */,
			);
			name = Products;
			sourceTree = "<group>";
		};
		CEB993881F73203C00083A2F /* Motivetica */ = {
			isa = PBXGroup;
			children = (
				CE2B782D1F9D3E5F00E45E16 /* About */,
				033EF1D61F82EBDD003808AF /* App */,
				CEF126961F9D15B80007F7BA /* Home */,
				033EF1D01F82EA00003808AF /* QuotesList */,
				CEF126911F9D14FA0007F7BA /* UserQuote */,
				033EF1D51F82EAB4003808AF /* Welcome */,
			);
			path = Motivetica;
			sourceTree = "<group>";
		};
		CECCFCEC1FABBF73009CEFA3 /* images */ = {
			isa = PBXGroup;
			children = (
				CECCFCED1FABBF73009CEFA3 /* img_0.png */,
				CECCFCEE1FABBF73009CEFA3 /* img_1.png */,
				CECCFCEF1FABBF73009CEFA3 /* img_10.png */,
				CECCFCF01FABBF73009CEFA3 /* img_2.png */,
				CECCFCF11FABBF73009CEFA3 /* img_3.png */,
				CECCFCF21FABBF73009CEFA3 /* img_4.png */,
				CECCFCF31FABBF73009CEFA3 /* img_5.png */,
				CECCFCF41FABBF73009CEFA3 /* img_6.png */,
				CECCFCF51FABBF73009CEFA3 /* img_7.png */,
				CECCFCF61FABBF73009CEFA3 /* img_8.png */,
				CECCFCF71FABBF73009CEFA3 /* img_9.png */,
			);
			path = images;
			sourceTree = "<group>";
		};
		CECCFD041FABDD5B009CEFA3 /* Controllers */ = {
			isa = PBXGroup;
			children = (
				CE0B13F91FAF657C0087E065 /* MotiveticaAlertViewController.swift */,
				CE0B13FA1FAF657C0087E065 /* MotiveticaAlertViewController.xib */,
			);
			path = Controllers;
			sourceTree = "<group>";
		};
		CECCFD061FABDDAC009CEFA3 /* Layouts */ = {
			isa = PBXGroup;
			children = (
			);
			path = Layouts;
			sourceTree = "<group>";
		};
		CECCFD071FABDDB4009CEFA3 /* ViewModels */ = {
			isa = PBXGroup;
			children = (
				CED01B541FB761A100825EDF /* QuotesListViewModel.swift */,
			);
			path = ViewModels;
			sourceTree = "<group>";
		};
		CED01B561FB8772300825EDF /* Models */ = {
			isa = PBXGroup;
			children = (
				CEEF0DF31FB8FC6C008B3232 /* Result.swift */,
				CED683831FB884DF00C88151 /* AuthorResponse.swift */,
				CED01B571FB8773700825EDF /* PagedResponse.swift */,
				CED683851FB884EA00C88151 /* QuoteResponse.swift */,
			);
			path = Models;
			sourceTree = "<group>";
		};
		CEF126911F9D14FA0007F7BA /* UserQuote */ = {
			isa = PBXGroup;
			children = (
				CE2B783B1F9D408700E45E16 /* Views */,
				CEF126931F9D15180007F7BA /* ViewController */,
			);
			path = UserQuote;
			sourceTree = "<group>";
		};
		CEF126931F9D15180007F7BA /* ViewController */ = {
			isa = PBXGroup;
			children = (
				CEF126941F9D15350007F7BA /* UserQuoteViewController.swift */,
			);
			path = ViewController;
			sourceTree = "<group>";
		};
		CEF126961F9D15B80007F7BA /* Home */ = {
			isa = PBXGroup;
			children = (
				CEF1269D1F9D1B0F0007F7BA /* Controllers */,
				CE2B78231F9D2E8B00E45E16 /* Views */,
			);
			path = Home;
			sourceTree = "<group>";
		};
		CEF1269C1F9D1A1F0007F7BA /* Views */ = {
			isa = PBXGroup;
			children = (
				CEB993921F73203C00083A2F /* LaunchScreen.storyboard */,
			);
			name = Views;
			sourceTree = "<group>";
		};
		CEF1269D1F9D1B0F0007F7BA /* Controllers */ = {
			isa = PBXGroup;
			children = (
				CEF1269E1F9D1B210007F7BA /* HomeViewController.swift */,
				CE2B782B1F9D372800E45E16 /* TypingMotiveticaViewController.swift */,
			);
			path = Controllers;
			sourceTree = "<group>";
		};
/* End PBXGroup section */

/* Begin PBXNativeTarget section */
		CE4677FC1F7C334100DB9361 /* MotiveticaTests */ = {
			isa = PBXNativeTarget;
			buildConfigurationList = CE4678061F7C334100DB9361 /* Build configuration list for PBXNativeTarget "MotiveticaTests" */;
			buildPhases = (
				416A2BEAE8C33094AC230636 /* [CP] Check Pods Manifest.lock */,
				CE4677F91F7C334100DB9361 /* Sources */,
				CE4677FA1F7C334100DB9361 /* Frameworks */,
				CE4677FB1F7C334100DB9361 /* Resources */,
				33F62B1290FF1C29B87CFF25 /* [CP] Embed Pods Frameworks */,
				23E4BE13528F04A644723AC7 /* [CP] Copy Pods Resources */,
			);
			buildRules = (
			);
			dependencies = (
				CE4678031F7C334100DB9361 /* PBXTargetDependency */,
			);
			name = MotiveticaTests;
			productName = MotiveticaTests;
			productReference = CE4677FD1F7C334100DB9361 /* MotiveticaTests.xctest */;
			productType = "com.apple.product-type.bundle.unit-test";
		};
		CE46780A1F7C334E00DB9361 /* MotiveticaUITests */ = {
			isa = PBXNativeTarget;
			buildConfigurationList = CE4678121F7C334E00DB9361 /* Build configuration list for PBXNativeTarget "MotiveticaUITests" */;
			buildPhases = (
				709B8B6535C85A9DF7CA6255 /* [CP] Check Pods Manifest.lock */,
				CE4678071F7C334E00DB9361 /* Sources */,
				CE4678081F7C334E00DB9361 /* Frameworks */,
				CE4678091F7C334E00DB9361 /* Resources */,
				79615E8B91A7453CA0B0F1AB /* [CP] Embed Pods Frameworks */,
				9C4AB6B1C6CF4707BD12F0D8 /* [CP] Copy Pods Resources */,
			);
			buildRules = (
			);
			dependencies = (
				CE4678111F7C334E00DB9361 /* PBXTargetDependency */,
			);
			name = MotiveticaUITests;
			productName = MotiveticaUITests;
			productReference = CE46780B1F7C334E00DB9361 /* MotiveticaUITests.xctest */;
			productType = "com.apple.product-type.bundle.ui-testing";
		};
		CEB993851F73203C00083A2F /* Motivetica */ = {
			isa = PBXNativeTarget;
			buildConfigurationList = CEB993981F73203C00083A2F /* Build configuration list for PBXNativeTarget "Motivetica" */;
			buildPhases = (
				EACDDECC45B68400A02F1918 /* [CP] Check Pods Manifest.lock */,
				CEB993821F73203C00083A2F /* Sources */,
				CEB993831F73203C00083A2F /* Frameworks */,
				CEB993841F73203C00083A2F /* Resources */,
				CEAD74891F9E87E400B02434 /* Fabric */,
				CEF126A01F9D1B7F0007F7BA /* SwiftLint */,
				0C5D1A6B07C5C57E48887B5E /* [CP] Embed Pods Frameworks */,
				1F733DA5C99B9CC56933C112 /* [CP] Copy Pods Resources */,
			);
			buildRules = (
			);
			dependencies = (
			);
			name = Motivetica;
			productName = Motivetica;
			productReference = CEB993861F73203C00083A2F /* Motivetica.app */;
			productType = "com.apple.product-type.application";
		};
/* End PBXNativeTarget section */

/* Begin PBXProject section */
		CEB9937E1F73203C00083A2F /* Project object */ = {
			isa = PBXProject;
			attributes = {
				LastSwiftUpdateCheck = 0900;
				LastUpgradeCheck = 0900;
				ORGANIZATIONNAME = "Sasha Prokhorenko";
				TargetAttributes = {
					CE4677FC1F7C334100DB9361 = {
						CreatedOnToolsVersion = 9.0;
						ProvisioningStyle = Automatic;
						TestTargetID = CEB993851F73203C00083A2F;
					};
					CE46780A1F7C334E00DB9361 = {
						CreatedOnToolsVersion = 9.0;
						ProvisioningStyle = Automatic;
						TestTargetID = CEB993851F73203C00083A2F;
					};
					CEB993851F73203C00083A2F = {
						CreatedOnToolsVersion = 9.0;
						ProvisioningStyle = Automatic;
					};
				};
			};
			buildConfigurationList = CEB993811F73203C00083A2F /* Build configuration list for PBXProject "Motivetica" */;
			compatibilityVersion = "Xcode 8.0";
			developmentRegion = en;
			hasScannedForEncodings = 0;
			knownRegions = (
				en,
				Base,
			);
			mainGroup = CEB9937D1F73203C00083A2F;
			productRefGroup = CEB993871F73203C00083A2F /* Products */;
			projectDirPath = "";
			projectRoot = "";
			targets = (
				CEB993851F73203C00083A2F /* Motivetica */,
				CE4677FC1F7C334100DB9361 /* MotiveticaTests */,
				CE46780A1F7C334E00DB9361 /* MotiveticaUITests */,
			);
		};
/* End PBXProject section */

/* Begin PBXResourcesBuildPhase section */
		CE4677FB1F7C334100DB9361 /* Resources */ = {
			isa = PBXResourcesBuildPhase;
			buildActionMask = 2147483647;
			files = (
			);
			runOnlyForDeploymentPostprocessing = 0;
		};
		CE4678091F7C334E00DB9361 /* Resources */ = {
			isa = PBXResourcesBuildPhase;
			buildActionMask = 2147483647;
			files = (
			);
			runOnlyForDeploymentPostprocessing = 0;
		};
		CEB993841F73203C00083A2F /* Resources */ = {
			isa = PBXResourcesBuildPhase;
			buildActionMask = 2147483647;
			files = (
				CE2B783D1F9D409300E45E16 /* UserQuote.storyboard in Resources */,
				CE2B782A1F9D366800E45E16 /* Home.storyboard in Resources */,
				CECCFCFD1FABBF73009CEFA3 /* img_3.png in Resources */,
				CECCFCFC1FABBF73009CEFA3 /* img_2.png in Resources */,
				CE2B78301F9D3E7200E45E16 /* About.storyboard in Resources */,
				CECCFCFF1FABBF73009CEFA3 /* img_5.png in Resources */,
				CECCFCFA1FABBF73009CEFA3 /* img_1.png in Resources */,
				CECCFCF81FABBF73009CEFA3 /* Intro.json in Resources */,
				CECCFD021FABBF73009CEFA3 /* img_8.png in Resources */,
				CEB993941F73203C00083A2F /* LaunchScreen.storyboard in Resources */,
				CE2B78371F9D3F6800E45E16 /* QuotesList.storyboard in Resources */,
				CEB993911F73203C00083A2F /* Assets.xcassets in Resources */,
				CE2B78251F9D2FC000E45E16 /* MotiveticaKeys.plist in Resources */,
				CECCFD031FABBF73009CEFA3 /* img_9.png in Resources */,
				CECCFCF91FABBF73009CEFA3 /* img_0.png in Resources */,
				CECCFCFE1FABBF73009CEFA3 /* img_4.png in Resources */,
				CECCFD011FABBF73009CEFA3 /* img_7.png in Resources */,
				CE0B13FC1FAF657C0087E065 /* MotiveticaAlertViewController.xib in Resources */,
				CECCFD001FABBF73009CEFA3 /* img_6.png in Resources */,
				CECCFCFB1FABBF73009CEFA3 /* img_10.png in Resources */,
			);
			runOnlyForDeploymentPostprocessing = 0;
		};
/* End PBXResourcesBuildPhase section */

/* Begin PBXShellScriptBuildPhase section */
		0C5D1A6B07C5C57E48887B5E /* [CP] Embed Pods Frameworks */ = {
			isa = PBXShellScriptBuildPhase;
			buildActionMask = 2147483647;
			files = (
			);
			inputPaths = (
				"${SRCROOT}/Pods/Target Support Files/Pods-Motivetica/Pods-Motivetica-frameworks.sh",
				"${BUILT_PRODUCTS_DIR}/Alamofire/Alamofire.framework",
				"${BUILT_PRODUCTS_DIR}/AlamofireNetworkActivityIndicator/AlamofireNetworkActivityIndicator.framework",
				"${BUILT_PRODUCTS_DIR}/CodableAlamofire/CodableAlamofire.framework",
				"${BUILT_PRODUCTS_DIR}/lottie-ios/Lottie.framework",
			);
			name = "[CP] Embed Pods Frameworks";
			outputPaths = (
				"${TARGET_BUILD_DIR}/${FRAMEWORKS_FOLDER_PATH}/Alamofire.framework",
				"${TARGET_BUILD_DIR}/${FRAMEWORKS_FOLDER_PATH}/AlamofireNetworkActivityIndicator.framework",
				"${TARGET_BUILD_DIR}/${FRAMEWORKS_FOLDER_PATH}/CodableAlamofire.framework",
				"${TARGET_BUILD_DIR}/${FRAMEWORKS_FOLDER_PATH}/Lottie.framework",
			);
			runOnlyForDeploymentPostprocessing = 0;
			shellPath = /bin/sh;
			shellScript = "\"${SRCROOT}/Pods/Target Support Files/Pods-Motivetica/Pods-Motivetica-frameworks.sh\"\n";
			showEnvVarsInLog = 0;
		};
		1F733DA5C99B9CC56933C112 /* [CP] Copy Pods Resources */ = {
			isa = PBXShellScriptBuildPhase;
			buildActionMask = 2147483647;
			files = (
			);
			inputPaths = (
			);
			name = "[CP] Copy Pods Resources";
			outputPaths = (
			);
			runOnlyForDeploymentPostprocessing = 0;
			shellPath = /bin/sh;
			shellScript = "\"${SRCROOT}/Pods/Target Support Files/Pods-Motivetica/Pods-Motivetica-resources.sh\"\n";
			showEnvVarsInLog = 0;
		};
		23E4BE13528F04A644723AC7 /* [CP] Copy Pods Resources */ = {
			isa = PBXShellScriptBuildPhase;
			buildActionMask = 2147483647;
			files = (
			);
			inputPaths = (
			);
			name = "[CP] Copy Pods Resources";
			outputPaths = (
			);
			runOnlyForDeploymentPostprocessing = 0;
			shellPath = /bin/sh;
			shellScript = "\"${SRCROOT}/Pods/Target Support Files/Pods-MotiveticaTests/Pods-MotiveticaTests-resources.sh\"\n";
			showEnvVarsInLog = 0;
		};
		33F62B1290FF1C29B87CFF25 /* [CP] Embed Pods Frameworks */ = {
			isa = PBXShellScriptBuildPhase;
			buildActionMask = 2147483647;
			files = (
			);
			inputPaths = (
			);
			name = "[CP] Embed Pods Frameworks";
			outputPaths = (
			);
			runOnlyForDeploymentPostprocessing = 0;
			shellPath = /bin/sh;
			shellScript = "\"${SRCROOT}/Pods/Target Support Files/Pods-MotiveticaTests/Pods-MotiveticaTests-frameworks.sh\"\n";
			showEnvVarsInLog = 0;
		};
		416A2BEAE8C33094AC230636 /* [CP] Check Pods Manifest.lock */ = {
			isa = PBXShellScriptBuildPhase;
			buildActionMask = 2147483647;
			files = (
			);
			inputPaths = (
				"${PODS_PODFILE_DIR_PATH}/Podfile.lock",
				"${PODS_ROOT}/Manifest.lock",
			);
			name = "[CP] Check Pods Manifest.lock";
			outputPaths = (
				"$(DERIVED_FILE_DIR)/Pods-MotiveticaTests-checkManifestLockResult.txt",
			);
			runOnlyForDeploymentPostprocessing = 0;
			shellPath = /bin/sh;
			shellScript = "diff \"${PODS_PODFILE_DIR_PATH}/Podfile.lock\" \"${PODS_ROOT}/Manifest.lock\" > /dev/null\nif [ $? != 0 ] ; then\n    # print error to STDERR\n    echo \"error: The sandbox is not in sync with the Podfile.lock. Run 'pod install' or update your CocoaPods installation.\" >&2\n    exit 1\nfi\n# This output is used by Xcode 'outputs' to avoid re-running this script phase.\necho \"SUCCESS\" > \"${SCRIPT_OUTPUT_FILE_0}\"\n";
			showEnvVarsInLog = 0;
		};
		709B8B6535C85A9DF7CA6255 /* [CP] Check Pods Manifest.lock */ = {
			isa = PBXShellScriptBuildPhase;
			buildActionMask = 2147483647;
			files = (
			);
			inputPaths = (
				"${PODS_PODFILE_DIR_PATH}/Podfile.lock",
				"${PODS_ROOT}/Manifest.lock",
			);
			name = "[CP] Check Pods Manifest.lock";
			outputPaths = (
				"$(DERIVED_FILE_DIR)/Pods-MotiveticaUITests-checkManifestLockResult.txt",
			);
			runOnlyForDeploymentPostprocessing = 0;
			shellPath = /bin/sh;
			shellScript = "diff \"${PODS_PODFILE_DIR_PATH}/Podfile.lock\" \"${PODS_ROOT}/Manifest.lock\" > /dev/null\nif [ $? != 0 ] ; then\n    # print error to STDERR\n    echo \"error: The sandbox is not in sync with the Podfile.lock. Run 'pod install' or update your CocoaPods installation.\" >&2\n    exit 1\nfi\n# This output is used by Xcode 'outputs' to avoid re-running this script phase.\necho \"SUCCESS\" > \"${SCRIPT_OUTPUT_FILE_0}\"\n";
			showEnvVarsInLog = 0;
		};
		79615E8B91A7453CA0B0F1AB /* [CP] Embed Pods Frameworks */ = {
			isa = PBXShellScriptBuildPhase;
			buildActionMask = 2147483647;
			files = (
			);
			inputPaths = (
			);
			name = "[CP] Embed Pods Frameworks";
			outputPaths = (
			);
			runOnlyForDeploymentPostprocessing = 0;
			shellPath = /bin/sh;
			shellScript = "\"${SRCROOT}/Pods/Target Support Files/Pods-MotiveticaUITests/Pods-MotiveticaUITests-frameworks.sh\"\n";
			showEnvVarsInLog = 0;
		};
		9C4AB6B1C6CF4707BD12F0D8 /* [CP] Copy Pods Resources */ = {
			isa = PBXShellScriptBuildPhase;
			buildActionMask = 2147483647;
			files = (
			);
			inputPaths = (
			);
			name = "[CP] Copy Pods Resources";
			outputPaths = (
			);
			runOnlyForDeploymentPostprocessing = 0;
			shellPath = /bin/sh;
			shellScript = "\"${SRCROOT}/Pods/Target Support Files/Pods-MotiveticaUITests/Pods-MotiveticaUITests-resources.sh\"\n";
			showEnvVarsInLog = 0;
		};
		CEAD74891F9E87E400B02434 /* Fabric */ = {
			isa = PBXShellScriptBuildPhase;
			buildActionMask = 2147483647;
			files = (
			);
			inputPaths = (
			);
			name = Fabric;
			outputPaths = (
			);
			runOnlyForDeploymentPostprocessing = 0;
			shellPath = /bin/sh;
			shellScript = "\"${PODS_ROOT}/Fabric/run\" 1d1073e481f03a63080060b0030c34fc51059f00 9b38a8c84d786cd912959c0fca71510aa9bfd7072f43a7a0732ddeb7b83496ce";
		};
		CEF126A01F9D1B7F0007F7BA /* SwiftLint */ = {
			isa = PBXShellScriptBuildPhase;
			buildActionMask = 2147483647;
			files = (
			);
			inputPaths = (
			);
			name = SwiftLint;
			outputPaths = (
			);
			runOnlyForDeploymentPostprocessing = 0;
			shellPath = /bin/sh;
			shellScript = "\"${PODS_ROOT}/SwiftLint/swiftlint\"";
		};
		EACDDECC45B68400A02F1918 /* [CP] Check Pods Manifest.lock */ = {
			isa = PBXShellScriptBuildPhase;
			buildActionMask = 2147483647;
			files = (
			);
			inputPaths = (
				"${PODS_PODFILE_DIR_PATH}/Podfile.lock",
				"${PODS_ROOT}/Manifest.lock",
			);
			name = "[CP] Check Pods Manifest.lock";
			outputPaths = (
				"$(DERIVED_FILE_DIR)/Pods-Motivetica-checkManifestLockResult.txt",
			);
			runOnlyForDeploymentPostprocessing = 0;
			shellPath = /bin/sh;
			shellScript = "diff \"${PODS_PODFILE_DIR_PATH}/Podfile.lock\" \"${PODS_ROOT}/Manifest.lock\" > /dev/null\nif [ $? != 0 ] ; then\n    # print error to STDERR\n    echo \"error: The sandbox is not in sync with the Podfile.lock. Run 'pod install' or update your CocoaPods installation.\" >&2\n    exit 1\nfi\n# This output is used by Xcode 'outputs' to avoid re-running this script phase.\necho \"SUCCESS\" > \"${SCRIPT_OUTPUT_FILE_0}\"\n";
			showEnvVarsInLog = 0;
		};
/* End PBXShellScriptBuildPhase section */

/* Begin PBXSourcesBuildPhase section */
		CE4677F91F7C334100DB9361 /* Sources */ = {
			isa = PBXSourcesBuildPhase;
			buildActionMask = 2147483647;
			files = (
				CE4678001F7C334100DB9361 /* MotiveticaTests.swift in Sources */,
			);
			runOnlyForDeploymentPostprocessing = 0;
		};
		CE4678071F7C334E00DB9361 /* Sources */ = {
			isa = PBXSourcesBuildPhase;
			buildActionMask = 2147483647;
			files = (
				CE46780E1F7C334E00DB9361 /* MotiveticaUITests.swift in Sources */,
			);
			runOnlyForDeploymentPostprocessing = 0;
		};
		CEB993821F73203C00083A2F /* Sources */ = {
			isa = PBXSourcesBuildPhase;
			buildActionMask = 2147483647;
			files = (
				CE03DF931FA893A900EFFB40 /* GlobalFunctions.swift in Sources */,
				CED01B5A1FB877DD00825EDF /* MotiveticaAPIClient.swift in Sources */,
				CE7CE2201FA9F12400E05AF3 /* Theme.swift in Sources */,
				CE6E6C5B1FA5FE8C002FF3DB /* Environment.swift in Sources */,
				CE2B78331F9D3E9100E45E16 /* AboutViewController.swift in Sources */,
				CED01B581FB8773700825EDF /* PagedResponse.swift in Sources */,
				CED683861FB884EA00C88151 /* QuoteResponse.swift in Sources */,
				CE2B782C1F9D372800E45E16 /* TypingMotiveticaViewController.swift in Sources */,
				CEF1269F1F9D1B210007F7BA /* HomeViewController.swift in Sources */,
				CE2B78281F9D316A00E45E16 /* FilesHelper.swift in Sources */,
				CE94F1C61FB88BAA001F0196 /* Quote.swift in Sources */,
				CED683841FB884DF00C88151 /* AuthorResponse.swift in Sources */,
				CED01B551FB761A100825EDF /* QuotesListViewModel.swift in Sources */,
				CE6E6C561FA5F57F002FF3DB /* CoreDataStack.swift in Sources */,
				CE0B13FB1FAF657C0087E065 /* MotiveticaAlertViewController.swift in Sources */,
				CEF126951F9D15350007F7BA /* UserQuoteViewController.swift in Sources */,
				CED01B531FB760FB00825EDF /* QuotesListLayout.swift in Sources */,
				033EF1B71F82E49A003808AF /* Motivetica.xcdatamodeld in Sources */,
				CE2B78391F9D3F8000E45E16 /* QuotesListViewController.swift in Sources */,
				CE1EA7B11FA62C3F005C93C9 /* NSManagedObjectContext.swift in Sources */,
				CE6E6C621FA608DA002FF3DB /* CellDescriptor.swift in Sources */,
				CE6E6C641FA60944002FF3DB /* ItemsDataSource.swift in Sources */,
				CEEF0DF41FB8FC6C008B3232 /* Result.swift in Sources */,
				CEB9938A1F73203C00083A2F /* AppDelegate.swift in Sources */,
				CE1EA7AF1FA62C22005C93C9 /* NSManagedObject.swift in Sources */,
				CED01B5C1FB8781000825EDF /* MotiveticaAPIRouter.swift in Sources */,
				CEF043FC1F9FE21B00D1190F /* QuotesCell.swift in Sources */,
				CE94F1C41FB88B6C001F0196 /* Author.swift in Sources */,
				CEF47C7B1FB26FCA00FB61FE /* Clock.swift in Sources */,
				CE44620F1FB8B0FF0064A9AC /* HashFunctions.swift in Sources */,
			);
			runOnlyForDeploymentPostprocessing = 0;
		};
/* End PBXSourcesBuildPhase section */

/* Begin PBXTargetDependency section */
		CE4678031F7C334100DB9361 /* PBXTargetDependency */ = {
			isa = PBXTargetDependency;
			target = CEB993851F73203C00083A2F /* Motivetica */;
			targetProxy = CE4678021F7C334100DB9361 /* PBXContainerItemProxy */;
		};
		CE4678111F7C334E00DB9361 /* PBXTargetDependency */ = {
			isa = PBXTargetDependency;
			target = CEB993851F73203C00083A2F /* Motivetica */;
			targetProxy = CE4678101F7C334E00DB9361 /* PBXContainerItemProxy */;
		};
/* End PBXTargetDependency section */

/* Begin PBXVariantGroup section */
		CEB993921F73203C00083A2F /* LaunchScreen.storyboard */ = {
			isa = PBXVariantGroup;
			children = (
				CEB993931F73203C00083A2F /* Base */,
			);
			name = LaunchScreen.storyboard;
			sourceTree = "<group>";
		};
/* End PBXVariantGroup section */

/* Begin XCBuildConfiguration section */
		CE4678041F7C334100DB9361 /* Debug */ = {
			isa = XCBuildConfiguration;
			baseConfigurationReference = 2AD4669921A6EB4F184195C8 /* Pods-MotiveticaTests.debug.xcconfig */;
			buildSettings = {
				BUNDLE_LOADER = "$(TEST_HOST)";
				CODE_SIGN_STYLE = Automatic;
				DEVELOPMENT_TEAM = GW82A8W73Z;
				INFOPLIST_FILE = MotiveticaTests/Info.plist;
				LD_RUNPATH_SEARCH_PATHS = "$(inherited) @executable_path/Frameworks @loader_path/Frameworks";
				PRODUCT_BUNDLE_IDENTIFIER = me.minikin.MotiveticaTests;
				PRODUCT_NAME = "$(TARGET_NAME)";
				SWIFT_VERSION = 4.0;
				TARGETED_DEVICE_FAMILY = "1,2";
				TEST_HOST = "$(BUILT_PRODUCTS_DIR)/Motivetica.app/Motivetica";
			};
			name = Debug;
		};
		CE4678051F7C334100DB9361 /* Release */ = {
			isa = XCBuildConfiguration;
			baseConfigurationReference = E226DDC407D719F155D2FB69 /* Pods-MotiveticaTests.release.xcconfig */;
			buildSettings = {
				BUNDLE_LOADER = "$(TEST_HOST)";
				CODE_SIGN_STYLE = Automatic;
				DEVELOPMENT_TEAM = GW82A8W73Z;
				INFOPLIST_FILE = MotiveticaTests/Info.plist;
				LD_RUNPATH_SEARCH_PATHS = "$(inherited) @executable_path/Frameworks @loader_path/Frameworks";
				PRODUCT_BUNDLE_IDENTIFIER = me.minikin.MotiveticaTests;
				PRODUCT_NAME = "$(TARGET_NAME)";
				SWIFT_VERSION = 4.0;
				TARGETED_DEVICE_FAMILY = "1,2";
				TEST_HOST = "$(BUILT_PRODUCTS_DIR)/Motivetica.app/Motivetica";
			};
			name = Release;
		};
		CE4678131F7C334E00DB9361 /* Debug */ = {
			isa = XCBuildConfiguration;
			baseConfigurationReference = A0FFA024855FD83AD477B5ED /* Pods-MotiveticaUITests.debug.xcconfig */;
			buildSettings = {
				CODE_SIGN_STYLE = Automatic;
				DEVELOPMENT_TEAM = GW82A8W73Z;
				INFOPLIST_FILE = MotiveticaUITests/Info.plist;
				LD_RUNPATH_SEARCH_PATHS = "$(inherited) @executable_path/Frameworks @loader_path/Frameworks";
				PRODUCT_BUNDLE_IDENTIFIER = me.minikin.MotiveticaUITests;
				PRODUCT_NAME = "$(TARGET_NAME)";
				SWIFT_VERSION = 4.0;
				TARGETED_DEVICE_FAMILY = "1,2";
				TEST_TARGET_NAME = Motivetica;
			};
			name = Debug;
		};
		CE4678141F7C334E00DB9361 /* Release */ = {
			isa = XCBuildConfiguration;
			baseConfigurationReference = 064C13A7094BF6D861F6AA6B /* Pods-MotiveticaUITests.release.xcconfig */;
			buildSettings = {
				CODE_SIGN_STYLE = Automatic;
				DEVELOPMENT_TEAM = GW82A8W73Z;
				INFOPLIST_FILE = MotiveticaUITests/Info.plist;
				LD_RUNPATH_SEARCH_PATHS = "$(inherited) @executable_path/Frameworks @loader_path/Frameworks";
				PRODUCT_BUNDLE_IDENTIFIER = me.minikin.MotiveticaUITests;
				PRODUCT_NAME = "$(TARGET_NAME)";
				SWIFT_VERSION = 4.0;
				TARGETED_DEVICE_FAMILY = "1,2";
				TEST_TARGET_NAME = Motivetica;
			};
			name = Release;
		};
		CEB993961F73203C00083A2F /* Debug */ = {
			isa = XCBuildConfiguration;
			buildSettings = {
				ALWAYS_SEARCH_USER_PATHS = NO;
				CLANG_ANALYZER_NONNULL = YES;
				CLANG_ANALYZER_NUMBER_OBJECT_CONVERSION = YES_AGGRESSIVE;
				CLANG_CXX_LANGUAGE_STANDARD = "gnu++14";
				CLANG_CXX_LIBRARY = "libc++";
				CLANG_ENABLE_MODULES = YES;
				CLANG_ENABLE_OBJC_ARC = YES;
				CLANG_WARN_BLOCK_CAPTURE_AUTORELEASING = YES;
				CLANG_WARN_BOOL_CONVERSION = YES;
				CLANG_WARN_COMMA = YES;
				CLANG_WARN_CONSTANT_CONVERSION = YES;
				CLANG_WARN_DIRECT_OBJC_ISA_USAGE = YES_ERROR;
				CLANG_WARN_DOCUMENTATION_COMMENTS = YES;
				CLANG_WARN_EMPTY_BODY = YES;
				CLANG_WARN_ENUM_CONVERSION = YES;
				CLANG_WARN_INFINITE_RECURSION = YES;
				CLANG_WARN_INT_CONVERSION = YES;
				CLANG_WARN_NON_LITERAL_NULL_CONVERSION = YES;
				CLANG_WARN_OBJC_LITERAL_CONVERSION = YES;
				CLANG_WARN_OBJC_ROOT_CLASS = YES_ERROR;
				CLANG_WARN_RANGE_LOOP_ANALYSIS = YES;
				CLANG_WARN_STRICT_PROTOTYPES = YES;
				CLANG_WARN_SUSPICIOUS_MOVE = YES;
				CLANG_WARN_UNGUARDED_AVAILABILITY = YES_AGGRESSIVE;
				CLANG_WARN_UNREACHABLE_CODE = YES;
				CLANG_WARN__DUPLICATE_METHOD_MATCH = YES;
				CODE_SIGN_IDENTITY = "iPhone Developer";
				COPY_PHASE_STRIP = NO;
				DEBUG_INFORMATION_FORMAT = dwarf;
				ENABLE_STRICT_OBJC_MSGSEND = YES;
				ENABLE_TESTABILITY = YES;
				GCC_C_LANGUAGE_STANDARD = gnu11;
				GCC_DYNAMIC_NO_PIC = NO;
				GCC_NO_COMMON_BLOCKS = YES;
				GCC_OPTIMIZATION_LEVEL = 0;
				GCC_PREPROCESSOR_DEFINITIONS = (
					"DEBUG=1",
					"$(inherited)",
				);
				GCC_WARN_64_TO_32_BIT_CONVERSION = YES;
				GCC_WARN_ABOUT_RETURN_TYPE = YES_ERROR;
				GCC_WARN_UNDECLARED_SELECTOR = YES;
				GCC_WARN_UNINITIALIZED_AUTOS = YES_AGGRESSIVE;
				GCC_WARN_UNUSED_FUNCTION = YES;
				GCC_WARN_UNUSED_VARIABLE = YES;
				IPHONEOS_DEPLOYMENT_TARGET = 11.0;
				MTL_ENABLE_DEBUG_INFO = YES;
				ONLY_ACTIVE_ARCH = YES;
				SDKROOT = iphoneos;
				SWIFT_ACTIVE_COMPILATION_CONDITIONS = DEBUG;
				SWIFT_OPTIMIZATION_LEVEL = "-Onone";
			};
			name = Debug;
		};
		CEB993971F73203C00083A2F /* Release */ = {
			isa = XCBuildConfiguration;
			buildSettings = {
				ALWAYS_SEARCH_USER_PATHS = NO;
				CLANG_ANALYZER_NONNULL = YES;
				CLANG_ANALYZER_NUMBER_OBJECT_CONVERSION = YES_AGGRESSIVE;
				CLANG_CXX_LANGUAGE_STANDARD = "gnu++14";
				CLANG_CXX_LIBRARY = "libc++";
				CLANG_ENABLE_MODULES = YES;
				CLANG_ENABLE_OBJC_ARC = YES;
				CLANG_WARN_BLOCK_CAPTURE_AUTORELEASING = YES;
				CLANG_WARN_BOOL_CONVERSION = YES;
				CLANG_WARN_COMMA = YES;
				CLANG_WARN_CONSTANT_CONVERSION = YES;
				CLANG_WARN_DIRECT_OBJC_ISA_USAGE = YES_ERROR;
				CLANG_WARN_DOCUMENTATION_COMMENTS = YES;
				CLANG_WARN_EMPTY_BODY = YES;
				CLANG_WARN_ENUM_CONVERSION = YES;
				CLANG_WARN_INFINITE_RECURSION = YES;
				CLANG_WARN_INT_CONVERSION = YES;
				CLANG_WARN_NON_LITERAL_NULL_CONVERSION = YES;
				CLANG_WARN_OBJC_LITERAL_CONVERSION = YES;
				CLANG_WARN_OBJC_ROOT_CLASS = YES_ERROR;
				CLANG_WARN_RANGE_LOOP_ANALYSIS = YES;
				CLANG_WARN_STRICT_PROTOTYPES = YES;
				CLANG_WARN_SUSPICIOUS_MOVE = YES;
				CLANG_WARN_UNGUARDED_AVAILABILITY = YES_AGGRESSIVE;
				CLANG_WARN_UNREACHABLE_CODE = YES;
				CLANG_WARN__DUPLICATE_METHOD_MATCH = YES;
				CODE_SIGN_IDENTITY = "iPhone Developer";
				COPY_PHASE_STRIP = NO;
				DEBUG_INFORMATION_FORMAT = "dwarf-with-dsym";
				ENABLE_NS_ASSERTIONS = NO;
				ENABLE_STRICT_OBJC_MSGSEND = YES;
				GCC_C_LANGUAGE_STANDARD = gnu11;
				GCC_NO_COMMON_BLOCKS = YES;
				GCC_WARN_64_TO_32_BIT_CONVERSION = YES;
				GCC_WARN_ABOUT_RETURN_TYPE = YES_ERROR;
				GCC_WARN_UNDECLARED_SELECTOR = YES;
				GCC_WARN_UNINITIALIZED_AUTOS = YES_AGGRESSIVE;
				GCC_WARN_UNUSED_FUNCTION = YES;
				GCC_WARN_UNUSED_VARIABLE = YES;
				IPHONEOS_DEPLOYMENT_TARGET = 11.0;
				MTL_ENABLE_DEBUG_INFO = NO;
				SDKROOT = iphoneos;
				SWIFT_OPTIMIZATION_LEVEL = "-Owholemodule";
				VALIDATE_PRODUCT = YES;
			};
			name = Release;
		};
		CEB993991F73203C00083A2F /* Debug */ = {
			isa = XCBuildConfiguration;
			baseConfigurationReference = 9B55AEEF3BE4A6D58E873122 /* Pods-Motivetica.debug.xcconfig */;
			buildSettings = {
				ASSETCATALOG_COMPILER_APPICON_NAME = AppIcon;
				CODE_SIGN_STYLE = Automatic;
				DEBUG_INFORMATION_FORMAT = "dwarf-with-dsym";
				DEVELOPMENT_TEAM = U8369V84MM;
				INFOPLIST_FILE = "$(SRCROOT)/Motivetica/App/Supporting Files/Info.plist";
				LD_RUNPATH_SEARCH_PATHS = "$(inherited) @executable_path/Frameworks";
				PRODUCT_BUNDLE_IDENTIFIER = me.minikin.Motivetica;
				PRODUCT_NAME = "$(TARGET_NAME)";
				SWIFT_VERSION = 4.0;
				TARGETED_DEVICE_FAMILY = 1;
			};
			name = Debug;
		};
		CEB9939A1F73203C00083A2F /* Release */ = {
			isa = XCBuildConfiguration;
			baseConfigurationReference = ACA794AB07711264AE71B1A0 /* Pods-Motivetica.release.xcconfig */;
			buildSettings = {
				ASSETCATALOG_COMPILER_APPICON_NAME = AppIcon;
				CODE_SIGN_STYLE = Automatic;
				DEVELOPMENT_TEAM = U8369V84MM;
				INFOPLIST_FILE = "$(SRCROOT)/Motivetica/App/Supporting Files/Info.plist";
				LD_RUNPATH_SEARCH_PATHS = "$(inherited) @executable_path/Frameworks";
				PRODUCT_BUNDLE_IDENTIFIER = me.minikin.Motivetica;
				PRODUCT_NAME = "$(TARGET_NAME)";
				SWIFT_VERSION = 4.0;
				TARGETED_DEVICE_FAMILY = 1;
			};
			name = Release;
		};
/* End XCBuildConfiguration section */

/* Begin XCConfigurationList section */
		CE4678061F7C334100DB9361 /* Build configuration list for PBXNativeTarget "MotiveticaTests" */ = {
			isa = XCConfigurationList;
			buildConfigurations = (
				CE4678041F7C334100DB9361 /* Debug */,
				CE4678051F7C334100DB9361 /* Release */,
			);
			defaultConfigurationIsVisible = 0;
			defaultConfigurationName = Release;
		};
		CE4678121F7C334E00DB9361 /* Build configuration list for PBXNativeTarget "MotiveticaUITests" */ = {
			isa = XCConfigurationList;
			buildConfigurations = (
				CE4678131F7C334E00DB9361 /* Debug */,
				CE4678141F7C334E00DB9361 /* Release */,
			);
			defaultConfigurationIsVisible = 0;
			defaultConfigurationName = Release;
		};
		CEB993811F73203C00083A2F /* Build configuration list for PBXProject "Motivetica" */ = {
			isa = XCConfigurationList;
			buildConfigurations = (
				CEB993961F73203C00083A2F /* Debug */,
				CEB993971F73203C00083A2F /* Release */,
			);
			defaultConfigurationIsVisible = 0;
			defaultConfigurationName = Release;
		};
		CEB993981F73203C00083A2F /* Build configuration list for PBXNativeTarget "Motivetica" */ = {
			isa = XCConfigurationList;
			buildConfigurations = (
				CEB993991F73203C00083A2F /* Debug */,
				CEB9939A1F73203C00083A2F /* Release */,
			);
			defaultConfigurationIsVisible = 0;
			defaultConfigurationName = Release;
		};
/* End XCConfigurationList section */

/* Begin XCVersionGroup section */
		033EF1B41F82E2F9003808AF /* Motivetica.xcdatamodeld */ = {
			isa = XCVersionGroup;
			children = (
				033EF1B51F82E2F9003808AF /* Motivetica.xcdatamodel */,
			);
			currentVersion = 033EF1B51F82E2F9003808AF /* Motivetica.xcdatamodel */;
			path = Motivetica.xcdatamodeld;
			sourceTree = "<group>";
			versionGroupType = wrapper.xcdatamodel;
		};
/* End XCVersionGroup section */
	};
	rootObject = CEB9937E1F73203C00083A2F /* Project object */;
}
