// !$*UTF8*$!
{
	archiveVersion = 1;
	classes = {
	};
	objectVersion = 48;
	objects = {

/* Begin PBXBuildFile section */
		4EB54B3AAED4A3AB68E78ABE /* Pods_Motivetica.framework in Frameworks */ = {isa = PBXBuildFile; fileRef = 44EA85AAF70C6D224CECAD61 /* Pods_Motivetica.framework */; };
		CEB9938A1F73203C00083A2F /* AppDelegate.swift in Sources */ = {isa = PBXBuildFile; fileRef = CEB993891F73203C00083A2F /* AppDelegate.swift */; };
		CEB9938C1F73203C00083A2F /* ViewController.swift in Sources */ = {isa = PBXBuildFile; fileRef = CEB9938B1F73203C00083A2F /* ViewController.swift */; };
		CEB9938F1F73203C00083A2F /* Main.storyboard in Resources */ = {isa = PBXBuildFile; fileRef = CEB9938D1F73203C00083A2F /* Main.storyboard */; };
		CEB993911F73203C00083A2F /* Assets.xcassets in Resources */ = {isa = PBXBuildFile; fileRef = CEB993901F73203C00083A2F /* Assets.xcassets */; };
		CEB993941F73203C00083A2F /* LaunchScreen.storyboard in Resources */ = {isa = PBXBuildFile; fileRef = CEB993921F73203C00083A2F /* LaunchScreen.storyboard */; };
/* End PBXBuildFile section */

/* Begin PBXFileReference section */
		44EA85AAF70C6D224CECAD61 /* Pods_Motivetica.framework */ = {isa = PBXFileReference; explicitFileType = wrapper.framework; includeInIndex = 0; path = Pods_Motivetica.framework; sourceTree = BUILT_PRODUCTS_DIR; };
		5B662B04524C9793BDBF5416 /* Pods-Motivetica.release.xcconfig */ = {isa = PBXFileReference; includeInIndex = 1; lastKnownFileType = text.xcconfig; name = "Pods-Motivetica.release.xcconfig"; path = "Pods/Target Support Files/Pods-Motivetica/Pods-Motivetica.release.xcconfig"; sourceTree = "<group>"; };
		CEB993861F73203C00083A2F /* Motivetica.app */ = {isa = PBXFileReference; explicitFileType = wrapper.application; includeInIndex = 0; path = Motivetica.app; sourceTree = BUILT_PRODUCTS_DIR; };
		CEB993891F73203C00083A2F /* AppDelegate.swift */ = {isa = PBXFileReference; lastKnownFileType = sourcecode.swift; path = AppDelegate.swift; sourceTree = "<group>"; };
		CEB9938B1F73203C00083A2F /* ViewController.swift */ = {isa = PBXFileReference; lastKnownFileType = sourcecode.swift; path = ViewController.swift; sourceTree = "<group>"; };
		CEB9938E1F73203C00083A2F /* Base */ = {isa = PBXFileReference; lastKnownFileType = file.storyboard; name = Base; path = Base.lproj/Main.storyboard; sourceTree = "<group>"; };
		CEB993901F73203C00083A2F /* Assets.xcassets */ = {isa = PBXFileReference; lastKnownFileType = folder.assetcatalog; path = Assets.xcassets; sourceTree = "<group>"; };
		CEB993931F73203C00083A2F /* Base */ = {isa = PBXFileReference; lastKnownFileType = file.storyboard; name = Base; path = Base.lproj/LaunchScreen.storyboard; sourceTree = "<group>"; };
		CEB993951F73203C00083A2F /* Info.plist */ = {isa = PBXFileReference; lastKnownFileType = text.plist.xml; path = Info.plist; sourceTree = "<group>"; };
		E8FB72C494CDFA577563501D /* Pods-Motivetica.debug.xcconfig */ = {isa = PBXFileReference; includeInIndex = 1; lastKnownFileType = text.xcconfig; name = "Pods-Motivetica.debug.xcconfig"; path = "Pods/Target Support Files/Pods-Motivetica/Pods-Motivetica.debug.xcconfig"; sourceTree = "<group>"; };
/* End PBXFileReference section */

/* Begin PBXFrameworksBuildPhase section */
		CEB993831F73203C00083A2F /* Frameworks */ = {
			isa = PBXFrameworksBuildPhase;
			buildActionMask = 2147483647;
			files = (
				4EB54B3AAED4A3AB68E78ABE /* Pods_Motivetica.framework in Frameworks */,
			);
			runOnlyForDeploymentPostprocessing = 0;
		};
/* End PBXFrameworksBuildPhase section */

/* Begin PBXGroup section */
		1C1BDBC9C93DDCC8B96C1457 /* Pods */ = {
			isa = PBXGroup;
			children = (
				E8FB72C494CDFA577563501D /* Pods-Motivetica.debug.xcconfig */,
				5B662B04524C9793BDBF5416 /* Pods-Motivetica.release.xcconfig */,
			);
			name = Pods;
			sourceTree = "<group>";
		};
		C70D5F3F4E038C7F9CD35AF4 /* Frameworks */ = {
			isa = PBXGroup;
			children = (
				44EA85AAF70C6D224CECAD61 /* Pods_Motivetica.framework */,
			);
			name = Frameworks;
			sourceTree = "<group>";
		};
		CEB9937D1F73203C00083A2F = {
			isa = PBXGroup;
			children = (
				CEB993881F73203C00083A2F /* Motivetica */,
				CEB993871F73203C00083A2F /* Products */,
				1C1BDBC9C93DDCC8B96C1457 /* Pods */,
				C70D5F3F4E038C7F9CD35AF4 /* Frameworks */,
			);
			sourceTree = "<group>";
		};
		CEB993871F73203C00083A2F /* Products */ = {
			isa = PBXGroup;
			children = (
				CEB993861F73203C00083A2F /* Motivetica.app */,
			);
			name = Products;
			sourceTree = "<group>";
		};
		CEB993881F73203C00083A2F /* Motivetica */ = {
			isa = PBXGroup;
			children = (
				CEB993891F73203C00083A2F /* AppDelegate.swift */,
				CEB9938B1F73203C00083A2F /* ViewController.swift */,
				CEB9938D1F73203C00083A2F /* Main.storyboard */,
				CEB993901F73203C00083A2F /* Assets.xcassets */,
				CEB993921F73203C00083A2F /* LaunchScreen.storyboard */,
				CEB993951F73203C00083A2F /* Info.plist */,
			);
			path = Motivetica;
			sourceTree = "<group>";
		};
/* End PBXGroup section */

/* Begin PBXNativeTarget section */
		CEB993851F73203C00083A2F /* Motivetica */ = {
			isa = PBXNativeTarget;
			buildConfigurationList = CEB993981F73203C00083A2F /* Build configuration list for PBXNativeTarget "Motivetica" */;
			buildPhases = (
				F3D47237274BB51A6789B17A /* [CP] Check Pods Manifest.lock */,
				CEB993821F73203C00083A2F /* Sources */,
				CEB993831F73203C00083A2F /* Frameworks */,
				CEB993841F73203C00083A2F /* Resources */,
				5320BE200EA255ABD65FA8F7 /* [CP] Embed Pods Frameworks */,
				6C401368C26C2619AD13CDE9 /* [CP] Copy Pods Resources */,
			);
			buildRules = (
			);
			dependencies = (
			);
			name = Motivetica;
			productName = Motivetica;
			productReference = CEB993861F73203C00083A2F /* Motivetica.app */;
			productType = "com.apple.product-type.application";
		};
/* End PBXNativeTarget section */

/* Begin PBXProject section */
		CEB9937E1F73203C00083A2F /* Project object */ = {
			isa = PBXProject;
			attributes = {
				LastSwiftUpdateCheck = 0900;
				LastUpgradeCheck = 0900;
				ORGANIZATIONNAME = "Sasha Prokhorenko";
				TargetAttributes = {
					CEB993851F73203C00083A2F = {
						CreatedOnToolsVersion = 9.0;
						ProvisioningStyle = Automatic;
					};
				};
			};
			buildConfigurationList = CEB993811F73203C00083A2F /* Build configuration list for PBXProject "Motivetica" */;
			compatibilityVersion = "Xcode 8.0";
			developmentRegion = en;
			hasScannedForEncodings = 0;
			knownRegions = (
				en,
				Base,
			);
			mainGroup = CEB9937D1F73203C00083A2F;
			productRefGroup = CEB993871F73203C00083A2F /* Products */;
			projectDirPath = "";
			projectRoot = "";
			targets = (
				CEB993851F73203C00083A2F /* Motivetica */,
			);
		};
/* End PBXProject section */

/* Begin PBXResourcesBuildPhase section */
		CEB993841F73203C00083A2F /* Resources */ = {
			isa = PBXResourcesBuildPhase;
			buildActionMask = 2147483647;
			files = (
				CEB993941F73203C00083A2F /* LaunchScreen.storyboard in Resources */,
				CEB993911F73203C00083A2F /* Assets.xcassets in Resources */,
				CEB9938F1F73203C00083A2F /* Main.storyboard in Resources */,
			);
			runOnlyForDeploymentPostprocessing = 0;
		};
/* End PBXResourcesBuildPhase section */

/* Begin PBXShellScriptBuildPhase section */
		5320BE200EA255ABD65FA8F7 /* [CP] Embed Pods Frameworks */ = {
			isa = PBXShellScriptBuildPhase;
			buildActionMask = 2147483647;
			files = (
			);
			inputPaths = (
			);
			name = "[CP] Embed Pods Frameworks";
			outputPaths = (
			);
			runOnlyForDeploymentPostprocessing = 0;
			shellPath = /bin/sh;
			shellScript = "\"${SRCROOT}/Pods/Target Support Files/Pods-Motivetica/Pods-Motivetica-frameworks.sh\"\n";
			showEnvVarsInLog = 0;
		};
		6C401368C26C2619AD13CDE9 /* [CP] Copy Pods Resources */ = {
			isa = PBXShellScriptBuildPhase;
			buildActionMask = 2147483647;
			files = (
			);
			inputPaths = (
			);
			name = "[CP] Copy Pods Resources";
			outputPaths = (
			);
			runOnlyForDeploymentPostprocessing = 0;
			shellPath = /bin/sh;
			shellScript = "\"${SRCROOT}/Pods/Target Support Files/Pods-Motivetica/Pods-Motivetica-resources.sh\"\n";
			showEnvVarsInLog = 0;
		};
		F3D47237274BB51A6789B17A /* [CP] Check Pods Manifest.lock */ = {
			isa = PBXShellScriptBuildPhase;
			buildActionMask = 2147483647;
			files = (
			);
			inputPaths = (
			);
			name = "[CP] Check Pods Manifest.lock";
			outputPaths = (
			);
			runOnlyForDeploymentPostprocessing = 0;
			shellPath = /bin/sh;
			shellScript = "diff \"${PODS_ROOT}/../Podfile.lock\" \"${PODS_ROOT}/Manifest.lock\" > /dev/null\nif [ $? != 0 ] ; then\n    # print error to STDERR\n    echo \"error: The sandbox is not in sync with the Podfile.lock. Run 'pod install' or update your CocoaPods installation.\" >&2\n    exit 1\nfi\n";
			showEnvVarsInLog = 0;
		};
/* End PBXShellScriptBuildPhase section */

/* Begin PBXSourcesBuildPhase section */
		CEB993821F73203C00083A2F /* Sources */ = {
			isa = PBXSourcesBuildPhase;
			buildActionMask = 2147483647;
			files = (
				CEB9938C1F73203C00083A2F /* ViewController.swift in Sources */,
				CEB9938A1F73203C00083A2F /* AppDelegate.swift in Sources */,
			);
			runOnlyForDeploymentPostprocessing = 0;
		};
/* End PBXSourcesBuildPhase section */

/* Begin PBXVariantGroup section */
		CEB9938D1F73203C00083A2F /* Main.storyboard */ = {
			isa = PBXVariantGroup;
			children = (
				CEB9938E1F73203C00083A2F /* Base */,
			);
			name = Main.storyboard;
			sourceTree = "<group>";
		};
		CEB993921F73203C00083A2F /* LaunchScreen.storyboard */ = {
			isa = PBXVariantGroup;
			children = (
				CEB993931F73203C00083A2F /* Base */,
			);
			name = LaunchScreen.storyboard;
			sourceTree = "<group>";
		};
/* End PBXVariantGroup section */

/* Begin XCBuildConfiguration section */
		CEB993961F73203C00083A2F /* Debug */ = {
			isa = XCBuildConfiguration;
			buildSettings = {
				ALWAYS_SEARCH_USER_PATHS = NO;
				CLANG_ANALYZER_NONNULL = YES;
				CLANG_ANALYZER_NUMBER_OBJECT_CONVERSION = YES_AGGRESSIVE;
				CLANG_CXX_LANGUAGE_STANDARD = "gnu++14";
				CLANG_CXX_LIBRARY = "libc++";
				CLANG_ENABLE_MODULES = YES;
				CLANG_ENABLE_OBJC_ARC = YES;
				CLANG_WARN_BLOCK_CAPTURE_AUTORELEASING = YES;
				CLANG_WARN_BOOL_CONVERSION = YES;
				CLANG_WARN_COMMA = YES;
				CLANG_WARN_CONSTANT_CONVERSION = YES;
				CLANG_WARN_DIRECT_OBJC_ISA_USAGE = YES_ERROR;
				CLANG_WARN_DOCUMENTATION_COMMENTS = YES;
				CLANG_WARN_EMPTY_BODY = YES;
				CLANG_WARN_ENUM_CONVERSION = YES;
				CLANG_WARN_INFINITE_RECURSION = YES;
				CLANG_WARN_INT_CONVERSION = YES;
				CLANG_WARN_NON_LITERAL_NULL_CONVERSION = YES;
				CLANG_WARN_OBJC_LITERAL_CONVERSION = YES;
				CLANG_WARN_OBJC_ROOT_CLASS = YES_ERROR;
				CLANG_WARN_RANGE_LOOP_ANALYSIS = YES;
				CLANG_WARN_STRICT_PROTOTYPES = YES;
				CLANG_WARN_SUSPICIOUS_MOVE = YES;
				CLANG_WARN_UNGUARDED_AVAILABILITY = YES_AGGRESSIVE;
				CLANG_WARN_UNREACHABLE_CODE = YES;
				CLANG_WARN__DUPLICATE_METHOD_MATCH = YES;
				CODE_SIGN_IDENTITY = "iPhone Developer";
				COPY_PHASE_STRIP = NO;
				DEBUG_INFORMATION_FORMAT = dwarf;
				ENABLE_STRICT_OBJC_MSGSEND = YES;
				ENABLE_TESTABILITY = YES;
				GCC_C_LANGUAGE_STANDARD = gnu11;
				GCC_DYNAMIC_NO_PIC = NO;
				GCC_NO_COMMON_BLOCKS = YES;
				GCC_OPTIMIZATION_LEVEL = 0;
				GCC_PREPROCESSOR_DEFINITIONS = (
					"DEBUG=1",
					"$(inherited)",
				);
				GCC_WARN_64_TO_32_BIT_CONVERSION = YES;
				GCC_WARN_ABOUT_RETURN_TYPE = YES_ERROR;
				GCC_WARN_UNDECLARED_SELECTOR = YES;
				GCC_WARN_UNINITIALIZED_AUTOS = YES_AGGRESSIVE;
				GCC_WARN_UNUSED_FUNCTION = YES;
				GCC_WARN_UNUSED_VARIABLE = YES;
				IPHONEOS_DEPLOYMENT_TARGET = 11.0;
				MTL_ENABLE_DEBUG_INFO = YES;
				ONLY_ACTIVE_ARCH = YES;
				SDKROOT = iphoneos;
				SWIFT_ACTIVE_COMPILATION_CONDITIONS = DEBUG;
				SWIFT_OPTIMIZATION_LEVEL = "-Onone";
			};
			name = Debug;
		};
		CEB993971F73203C00083A2F /* Release */ = {
			isa = XCBuildConfiguration;
			buildSettings = {
				ALWAYS_SEARCH_USER_PATHS = NO;
				CLANG_ANALYZER_NONNULL = YES;
				CLANG_ANALYZER_NUMBER_OBJECT_CONVERSION = YES_AGGRESSIVE;
				CLANG_CXX_LANGUAGE_STANDARD = "gnu++14";
				CLANG_CXX_LIBRARY = "libc++";
				CLANG_ENABLE_MODULES = YES;
				CLANG_ENABLE_OBJC_ARC = YES;
				CLANG_WARN_BLOCK_CAPTURE_AUTORELEASING = YES;
				CLANG_WARN_BOOL_CONVERSION = YES;
				CLANG_WARN_COMMA = YES;
				CLANG_WARN_CONSTANT_CONVERSION = YES;
				CLANG_WARN_DIRECT_OBJC_ISA_USAGE = YES_ERROR;
				CLANG_WARN_DOCUMENTATION_COMMENTS = YES;
				CLANG_WARN_EMPTY_BODY = YES;
				CLANG_WARN_ENUM_CONVERSION = YES;
				CLANG_WARN_INFINITE_RECURSION = YES;
				CLANG_WARN_INT_CONVERSION = YES;
				CLANG_WARN_NON_LITERAL_NULL_CONVERSION = YES;
				CLANG_WARN_OBJC_LITERAL_CONVERSION = YES;
				CLANG_WARN_OBJC_ROOT_CLASS = YES_ERROR;
				CLANG_WARN_RANGE_LOOP_ANALYSIS = YES;
				CLANG_WARN_STRICT_PROTOTYPES = YES;
				CLANG_WARN_SUSPICIOUS_MOVE = YES;
				CLANG_WARN_UNGUARDED_AVAILABILITY = YES_AGGRESSIVE;
				CLANG_WARN_UNREACHABLE_CODE = YES;
				CLANG_WARN__DUPLICATE_METHOD_MATCH = YES;
				CODE_SIGN_IDENTITY = "iPhone Developer";
				COPY_PHASE_STRIP = NO;
				DEBUG_INFORMATION_FORMAT = "dwarf-with-dsym";
				ENABLE_NS_ASSERTIONS = NO;
				ENABLE_STRICT_OBJC_MSGSEND = YES;
				GCC_C_LANGUAGE_STANDARD = gnu11;
				GCC_NO_COMMON_BLOCKS = YES;
				GCC_WARN_64_TO_32_BIT_CONVERSION = YES;
				GCC_WARN_ABOUT_RETURN_TYPE = YES_ERROR;
				GCC_WARN_UNDECLARED_SELECTOR = YES;
				GCC_WARN_UNINITIALIZED_AUTOS = YES_AGGRESSIVE;
				GCC_WARN_UNUSED_FUNCTION = YES;
				GCC_WARN_UNUSED_VARIABLE = YES;
				IPHONEOS_DEPLOYMENT_TARGET = 11.0;
				MTL_ENABLE_DEBUG_INFO = NO;
				SDKROOT = iphoneos;
				SWIFT_OPTIMIZATION_LEVEL = "-Owholemodule";
				VALIDATE_PRODUCT = YES;
			};
			name = Release;
		};
		CEB993991F73203C00083A2F /* Debug */ = {
			isa = XCBuildConfiguration;
			baseConfigurationReference = E8FB72C494CDFA577563501D /* Pods-Motivetica.debug.xcconfig */;
			buildSettings = {
				ASSETCATALOG_COMPILER_APPICON_NAME = AppIcon;
				CODE_SIGN_STYLE = Automatic;
				DEVELOPMENT_TEAM = U8369V84MM;
				INFOPLIST_FILE = Motivetica/Info.plist;
				LD_RUNPATH_SEARCH_PATHS = "$(inherited) @executable_path/Frameworks";
				PRODUCT_BUNDLE_IDENTIFIER = me.minikin.Motivetica;
				PRODUCT_NAME = "$(TARGET_NAME)";
				SWIFT_VERSION = 4.0;
				TARGETED_DEVICE_FAMILY = "1,2";
			};
			name = Debug;
		};
		CEB9939A1F73203C00083A2F /* Release */ = {
			isa = XCBuildConfiguration;
			baseConfigurationReference = 5B662B04524C9793BDBF5416 /* Pods-Motivetica.release.xcconfig */;
			buildSettings = {
				ASSETCATALOG_COMPILER_APPICON_NAME = AppIcon;
				CODE_SIGN_STYLE = Automatic;
				DEVELOPMENT_TEAM = U8369V84MM;
				INFOPLIST_FILE = Motivetica/Info.plist;
				LD_RUNPATH_SEARCH_PATHS = "$(inherited) @executable_path/Frameworks";
				PRODUCT_BUNDLE_IDENTIFIER = me.minikin.Motivetica;
				PRODUCT_NAME = "$(TARGET_NAME)";
				SWIFT_VERSION = 4.0;
				TARGETED_DEVICE_FAMILY = "1,2";
			};
			name = Release;
		};
/* End XCBuildConfiguration section */

/* Begin XCConfigurationList section */
		CEB993811F73203C00083A2F /* Build configuration list for PBXProject "Motivetica" */ = {
			isa = XCConfigurationList;
			buildConfigurations = (
				CEB993961F73203C00083A2F /* Debug */,
				CEB993971F73203C00083A2F /* Release */,
			);
			defaultConfigurationIsVisible = 0;
			defaultConfigurationName = Release;
		};
		CEB993981F73203C00083A2F /* Build configuration list for PBXNativeTarget "Motivetica" */ = {
			isa = XCConfigurationList;
			buildConfigurations = (
				CEB993991F73203C00083A2F /* Debug */,
				CEB9939A1F73203C00083A2F /* Release */,
			);
			defaultConfigurationIsVisible = 0;
			defaultConfigurationName = Release;
		};
/* End XCConfigurationList section */
	};
	rootObject = CEB9937E1F73203C00083A2F /* Project object */;
}
