PODS:
  - Alamofire (4.5.1)
  - RxAlamofire (4.0.0):
    - RxAlamofire/Core (= 4.0.0)
  - RxAlamofire/Core (4.0.0):
    - Alamofire (~> 4.5.1)
    - RxSwift (~> 4.0.0-beta.0)
  - RxCocoa (4.0.0-beta.0):
    - RxSwift (~> 4.0.0-beta.0)
  - RxSwift (4.0.0-beta.0)
  - SwiftLint (0.22.0)

DEPENDENCIES:
  - RxAlamofire (from `https://github.com/gaplo917/RxAlamofire.git`, tag `4.0.0`)
  - RxCocoa (~> 4.0.0-beta.0)
  - RxSwift (~> 4.0.0-beta.0)
  - SwiftLint

EXTERNAL SOURCES:
  RxAlamofire:
    :git: https://github.com/gaplo917/RxAlamofire.git
    :tag: 4.0.0

CHECKOUT OPTIONS:
  RxAlamofire:
    :git: https://github.com/gaplo917/RxAlamofire.git
    :tag: 4.0.0

SPEC CHECKSUMS:
  Alamofire: 2d95912bf4c34f164fdfc335872e8c312acaea4a
  RxAlamofire: 035676ea6de4e6468984ccaabb9c71940c9340a2
  RxCocoa: 8d809675f4e89c5c4c5a6900bbd11fe632ad5d86
  RxSwift: e0899fae37065c16db976cc5e3c957e4e388869c
  SwiftLint: 1134786caedd2caab0560d2f36b76414a5a56808

PODFILE CHECKSUM: d05a9bae91adcc71860efb0e420a94d5e76126b6

COCOAPODS: 1.2.0
